PODS:
  - AFNetworking/NSURLSession (4.0.1):
    - AFNetworking/Reachability
    - AFNetworking/Security
    - AFNetworking/Serialization
  - AFNetworking/Reachability (4.0.1)
  - AFNetworking/Security (4.0.1)
  - AFNetworking/Serialization (4.0.1)
  - IQKeyboardManager (6.5.6)
  - Mapbox-iOS-SDK (5.9.0):
    - MapboxMobileEvents (= 0.10.2)
  - MapboxMobileEvents (0.10.2)
  - MapxusBaseSDK (3.14.0):
    - AFNetworking/NSURLSession (~> 4.0)
    - AFNetworking/Reachability (~> 4.0)
    - AFNetworking/Security (~> 4.0)
    - AFNetworking/Serialization (~> 4.0)
    - YYModel (~> 1.0.4)
  - MapxusComponentKit (3.14.0):
    - MapxusMapSDK (= 3.14.0)
  - MapxusMapSDK (3.14.0):
    - Mapbox-iOS-SDK (~> 5.9.0)
    - MapxusBaseSDK (= 3.14.0)
  - MapxusVisualSDK (3.14.0):
    - MapxusBaseSDK (= 3.14.0)
  - ProgressHUD (2.51)
  - YYModel (1.0.4)

DEPENDENCIES:
  - IQKeyboardManager
  - MapxusBaseSDK
  - MapxusComponentKit
  - MapxusMapSDK
  - MapxusVisualSDK
  - ProgressHUD

SPEC REPOS:
  trunk:
    - AFNetworking
    - IQKeyboardManager
    - Mapbox-iOS-SDK
    - MapboxMobileEvents
    - MapxusBaseSDK
    - MapxusComponentKit
    - MapxusMapSDK
    - MapxusVisualSDK
    - ProgressHUD
    - YYModel

SPEC CHECKSUMS:
  AFNetworking: 7864c38297c79aaca1500c33288e429c3451fdce
  IQKeyboardManager: 2a6e97afdafc7becf0cb17a9a8d795e3a980717f
  Mapbox-iOS-SDK: a5915700ec84bc1a7f8b3e746d474789e35b7956
  MapboxMobileEvents: 2bc0ca2eedb627b73cf403258dce2b2fa98074a6
  MapxusBaseSDK: db8c20d6ce89920f5c872a9987af5d53bc0e038c
  MapxusComponentKit: 8768e4ab3b0da2ea5eb2d041bb83a2f55f1905e2
  MapxusMapSDK: b699a7cc5ad44daf5dc852f04d540f9024ac9161
  MapxusVisualSDK: f0406cc003754b608758453b7e6c984eab5f6e83
  ProgressHUD: 54b4c2fa202bf3da7dddc1c698ae4e6376333bd9
  YYModel: 2a7fdd96aaa4b86a824e26d0c517de8928c04b30

PODFILE CHECKSUM: 7e16e06d3c3034de75d617b4c27dbb5026caf45c

COCOAPODS: 1.9.1
