// !$*UTF8*$!
{
	archiveVersion = 1;
	classes = {
	};
	objectVersion = 51;
	objects = {

/* Begin PBXBuildFile section */
		C15E72DA8653D29FC9C04174 /* Pods_MapxusMapSample.framework in Frameworks */ = {isa = PBXBuildFile; fileRef = 59F4ABE352B03EF49E072948 /* Pods_MapxusMapSample.framework */; };
		CAE3C695D3128BDE5CFD6BCA /* Pods_MapxusMapSampleTests.framework in Frameworks */ = {isa = PBXBuildFile; fileRef = A072C56DB036E61BB8E83A87 /* Pods_MapxusMapSampleTests.framework */; };
		D6061AD724AB154A0065FBA2 /* MBXCustomLocationManager.m in Sources */ = {isa = PBXBuildFile; fileRef = D6061AD524AB154A0065FBA2 /* MBXCustomLocationManager.m */; };
		D65B573721CB2D4200142732 /* ShowVisualViewController.m in Sources */ = {isa = PBXBuildFile; fileRef = D65B573621CB2D4200142732 /* ShowVisualViewController.m */; };
		D65B573A21CB949900142732 /* VisualDirectionAnnotationView.m in Sources */ = {isa = PBXBuildFile; fileRef = D65B573921CB949900142732 /* VisualDirectionAnnotationView.m */; };
		D66421EA24CC055B0078404B /* SearchIntegrateCategoryViewController.m in Sources */ = {isa = PBXBuildFile; fileRef = D66421E924CC055B0078404B /* SearchIntegrateCategoryViewController.m */; };
		D66421EE24CC059F0078404B /* SearchIntegratePOIsViewController.m in Sources */ = {isa = PBXBuildFile; fileRef = D66421ED24CC059F0078404B /* SearchIntegratePOIsViewController.m */; };
		D66421F124CC05B70078404B /* SearchIntegratePOIDetailViewController.m in Sources */ = {isa = PBXBuildFile; fileRef = D66421F024CC05B70078404B /* SearchIntegratePOIDetailViewController.m */; };
		D66421F424CC0A440078404B /* SearchIntegrateCategoryCell.m in Sources */ = {isa = PBXBuildFile; fileRef = D66421F324CC0A440078404B /* SearchIntegrateCategoryCell.m */; };
		D66421F724CC227D0078404B /* SearchIntegratePOICell.m in Sources */ = {isa = PBXBuildFile; fileRef = D66421F624CC227D0078404B /* SearchIntegratePOICell.m */; };
		D66421FA24CC328F0078404B /* SearchIntegratePOIDetailBuildingCell.m in Sources */ = {isa = PBXBuildFile; fileRef = D66421F924CC328F0078404B /* SearchIntegratePOIDetailBuildingCell.m */; };
		D66421FD24CC32AE0078404B /* SearchIntegratePOIDetailBaseCell.m in Sources */ = {isa = PBXBuildFile; fileRef = D66421FC24CC32AE0078404B /* SearchIntegratePOIDetailBaseCell.m */; };
		D664220E24CFCAE40078404B /* MXMPrimaryContentViewController.m in Sources */ = {isa = PBXBuildFile; fileRef = D664220D24CFCAE40078404B /* MXMPrimaryContentViewController.m */; };
		D664221124CFCB0D0078404B /* MXMDrawerContentViewController.m in Sources */ = {isa = PBXBuildFile; fileRef = D664221024CFCB0D0078404B /* MXMDrawerContentViewController.m */; };
		D664221424CFCE710078404B /* MXMPulleyViewController.m in Sources */ = {isa = PBXBuildFile; fileRef = D664221324CFCE710078404B /* MXMPulleyViewController.m */; };
		D664221724CFCF300078404B /* MXMPassThroughScrollView.m in Sources */ = {isa = PBXBuildFile; fileRef = D664221624CFCF300078404B /* MXMPassThroughScrollView.m */; };
		D664222424D1270A0078404B /* ExplorerButtonViewController.m in Sources */ = {isa = PBXBuildFile; fileRef = D664222324D1270A0078404B /* ExplorerButtonViewController.m */; };
		D672A1E424D27732005777A7 /* UIViewController+Pulley.m in Sources */ = {isa = PBXBuildFile; fileRef = D672A1E324D27732005777A7 /* UIViewController+Pulley.m */; };
		D672A1E724D2BBFA005777A7 /* UIImage+icon.m in Sources */ = {isa = PBXBuildFile; fileRef = D672A1E624D2BBFA005777A7 /* UIImage+icon.m */; };
		D672A1EA24D407EA005777A7 /* MXMGeoBuilding+Language.m in Sources */ = {isa = PBXBuildFile; fileRef = D672A1E924D407EA005777A7 /* MXMGeoBuilding+Language.m */; };
		D672A1ED24D40907005777A7 /* MXMCategory+Language.m in Sources */ = {isa = PBXBuildFile; fileRef = D672A1EC24D40907005777A7 /* MXMCategory+Language.m */; };
		D672A1F024D4098F005777A7 /* MXMPOI+Language.m in Sources */ = {isa = PBXBuildFile; fileRef = D672A1EF24D4098F005777A7 /* MXMPOI+Language.m */; };
		D672A1F324D409B2005777A7 /* MXMBuilding+Language.m in Sources */ = {isa = PBXBuildFile; fileRef = D672A1F224D409B2005777A7 /* MXMBuilding+Language.m */; };
		D67F00DF24C983EC003D40BA /* RouteViewController.m in Sources */ = {isa = PBXBuildFile; fileRef = D67F00DE24C983EC003D40BA /* RouteViewController.m */; };
		D67F00E224C9841B003D40BA /* SearchIntegrateViewController.m in Sources */ = {isa = PBXBuildFile; fileRef = D67F00E124C9841B003D40BA /* SearchIntegrateViewController.m */; };
		D67F00E524C98780003D40BA /* MXMRouteLocationManager.m in Sources */ = {isa = PBXBuildFile; fileRef = D67F00E424C98780003D40BA /* MXMRouteLocationManager.m */; };
		D684BC6820FED921004E85D9 /* AppDelegate.m in Sources */ = {isa = PBXBuildFile; fileRef = D684BC6720FED921004E85D9 /* AppDelegate.m */; };
		D684BC7620FED922004E85D9 /* main.m in Sources */ = {isa = PBXBuildFile; fileRef = D684BC7520FED922004E85D9 /* main.m */; };
		D684BC8020FED922004E85D9 /* MapxusMapSampleTests.m in Sources */ = {isa = PBXBuildFile; fileRef = D684BC7F20FED922004E85D9 /* MapxusMapSampleTests.m */; };
		D684BC8B20FED922004E85D9 /* MapxusMapSampleUITests.m in Sources */ = {isa = PBXBuildFile; fileRef = D684BC8A20FED922004E85D9 /* MapxusMapSampleUITests.m */; };
		D684BD6420FF8A19004E85D9 /* FeatureCollectionViewCell.m in Sources */ = {isa = PBXBuildFile; fileRef = D684BCEF20FF8A16004E85D9 /* FeatureCollectionViewCell.m */; };
		D684BD6520FF8A19004E85D9 /* MenuTableViewCell.m in Sources */ = {isa = PBXBuildFile; fileRef = D684BCF020FF8A16004E85D9 /* MenuTableViewCell.m */; };
		D684BD6620FF8A19004E85D9 /* MenuViewController.m in Sources */ = {isa = PBXBuildFile; fileRef = D684BCF620FF8A16004E85D9 /* MenuViewController.m */; };
		D684BD6720FF8A19004E85D9 /* Feature.m in Sources */ = {isa = PBXBuildFile; fileRef = D684BCF720FF8A16004E85D9 /* Feature.m */; };
		D684BD6820FF8A19004E85D9 /* FeaturesCollectionViewController.m in Sources */ = {isa = PBXBuildFile; fileRef = D684BCF820FF8A16004E85D9 /* FeaturesCollectionViewController.m */; };
		D684BD7C20FF8A19004E85D9 /* JRSwizzle.m in Sources */ = {isa = PBXBuildFile; fileRef = D684BD2920FF8A18004E85D9 /* JRSwizzle.m */; };
		D684BD8020FF8A19004E85D9 /* SearchBuildingInBoundViewController.m in Sources */ = {isa = PBXBuildFile; fileRef = D684BD3220FF8A18004E85D9 /* SearchBuildingInBoundViewController.m */; };
		D684BD8120FF8A19004E85D9 /* SearchBuildingNearbyViewController.m in Sources */ = {isa = PBXBuildFile; fileRef = D684BD3420FF8A18004E85D9 /* SearchBuildingNearbyViewController.m */; };
		D684BD8420FF8A19004E85D9 /* SearchPOINearbyViewController.m in Sources */ = {isa = PBXBuildFile; fileRef = D684BD3820FF8A18004E85D9 /* SearchPOINearbyViewController.m */; };
		D684BD8520FF8A19004E85D9 /* SearchBuildingGlobalViewController.m in Sources */ = {isa = PBXBuildFile; fileRef = D684BD3920FF8A18004E85D9 /* SearchBuildingGlobalViewController.m */; };
		D684BD8A20FF8A19004E85D9 /* SearchPOIInBoundViewController.m in Sources */ = {isa = PBXBuildFile; fileRef = D684BD4020FF8A18004E85D9 /* SearchPOIInBoundViewController.m */; };
		D684BD9020FF8A19004E85D9 /* UIViewController+Swizzle.m in Sources */ = {isa = PBXBuildFile; fileRef = D684BD4920FF8A18004E85D9 /* UIViewController+Swizzle.m */; };
		D684BD9320FF8A19004E85D9 /* DisplayLocationViewController.m in Sources */ = {isa = PBXBuildFile; fileRef = D684BD5320FF8A18004E85D9 /* DisplayLocationViewController.m */; };
		D684BD9420FF8A19004E85D9 /* Assets.xcassets in Resources */ = {isa = PBXBuildFile; fileRef = D684BD5420FF8A18004E85D9 /* Assets.xcassets */; };
		D684BD9E20FF8A69004E85D9 /* LaunchScreen.storyboard in Resources */ = {isa = PBXBuildFile; fileRef = D684BD9A20FF8A68004E85D9 /* LaunchScreen.storyboard */; };
		D684BD9F20FF8A69004E85D9 /* Main.storyboard in Resources */ = {isa = PBXBuildFile; fileRef = D684BD9C20FF8A69004E85D9 /* Main.storyboard */; };
		D684BDA220FF8AC5004E85D9 /* Localizable.strings in Resources */ = {isa = PBXBuildFile; fileRef = D684BDA020FF8AC5004E85D9 /* Localizable.strings */; };
		D695841E24C6D2DD00466372 /* SearchBuildingInBoundParamViewController.m in Sources */ = {isa = PBXBuildFile; fileRef = D695841D24C6D2DD00466372 /* SearchBuildingInBoundParamViewController.m */; };
		D695842124C6ECB300466372 /* SearchBuildingNearbyParamViewController.m in Sources */ = {isa = PBXBuildFile; fileRef = D695842024C6ECB300466372 /* SearchBuildingNearbyParamViewController.m */; };
		D695842424C7CF6C00466372 /* SearchBuildingByIDParamViewController.m in Sources */ = {isa = PBXBuildFile; fileRef = D695842324C7CF6C00466372 /* SearchBuildingByIDParamViewController.m */; };
		D695842724C7D0AE00466372 /* SearchBuildingByIDViewController.m in Sources */ = {isa = PBXBuildFile; fileRef = D695842624C7D0AE00466372 /* SearchBuildingByIDViewController.m */; };
		D695842A24C7D6F000466372 /* BuildingIDCell.m in Sources */ = {isa = PBXBuildFile; fileRef = D695842924C7D6F000466372 /* BuildingIDCell.m */; };
		D695842E24C7F97800466372 /* CategoryIncludeInSceneViewController.m in Sources */ = {isa = PBXBuildFile; fileRef = D695842D24C7F97800466372 /* CategoryIncludeInSceneViewController.m */; };
		D695843124C8059100466372 /* SearchPOIInSceneViewController.m in Sources */ = {isa = PBXBuildFile; fileRef = D695843024C8059100466372 /* SearchPOIInSceneViewController.m */; };
		D695843424C805AE00466372 /* SearchPOIInSceneParamViewController.m in Sources */ = {isa = PBXBuildFile; fileRef = D695843324C805AE00466372 /* SearchPOIInSceneParamViewController.m */; };
		D695843724C805DB00466372 /* SearchPOIInBoundParamViewController.m in Sources */ = {isa = PBXBuildFile; fileRef = D695843624C805DB00466372 /* SearchPOIInBoundParamViewController.m */; };
		D695843A24C8061F00466372 /* SearchPOINearbyParamViewController.m in Sources */ = {isa = PBXBuildFile; fileRef = D695843924C8061F00466372 /* SearchPOINearbyParamViewController.m */; };
		D695843D24C8066900466372 /* SearchPOIByIDViewController.m in Sources */ = {isa = PBXBuildFile; fileRef = D695843C24C8066900466372 /* SearchPOIByIDViewController.m */; };
		D695844024C8068A00466372 /* SearchPOIByIDParamViewController.m in Sources */ = {isa = PBXBuildFile; fileRef = D695843F24C8068A00466372 /* SearchPOIByIDParamViewController.m */; };
		D695844324C806AD00466372 /* SurroundingIdentificationViewController.m in Sources */ = {isa = PBXBuildFile; fileRef = D695844224C806AD00466372 /* SurroundingIdentificationViewController.m */; };
		D695844924C8368D00466372 /* POIIDCell.m in Sources */ = {isa = PBXBuildFile; fileRef = D695844824C8368D00466372 /* POIIDCell.m */; };
		D695844C24C83BC000466372 /* MXMSimulateLocationManager.m in Sources */ = {isa = PBXBuildFile; fileRef = D695844B24C83BC000466372 /* MXMSimulateLocationManager.m */; };
		D695844F24C845FC00466372 /* SurroundingIdentificationParamViewController.m in Sources */ = {isa = PBXBuildFile; fileRef = D695844E24C845FC00466372 /* SurroundingIdentificationParamViewController.m */; };
		D695845224C8B0B700466372 /* CategoryIncludeInSceneResultViewController.m in Sources */ = {isa = PBXBuildFile; fileRef = D695845124C8B0B700466372 /* CategoryIncludeInSceneResultViewController.m */; };
		D695845524C8B6AE00466372 /* CategoryCell.m in Sources */ = {isa = PBXBuildFile; fileRef = D695845424C8B6AE00466372 /* CategoryCell.m */; };
		D6B5109C24C00CDB0084D813 /* CreateMapByCodeViewController.m in Sources */ = {isa = PBXBuildFile; fileRef = D6B5109B24C00CDB0084D813 /* CreateMapByCodeViewController.m */; };
		D6B510A324C00E050084D813 /* CreateMapByXibViewController.m in Sources */ = {isa = PBXBuildFile; fileRef = D6B510A124C00E050084D813 /* CreateMapByXibViewController.m */; };
		D6B510A424C00E050084D813 /* CreateMapByXibViewController.xib in Resources */ = {isa = PBXBuildFile; fileRef = D6B510A224C00E050084D813 /* CreateMapByXibViewController.xib */; };
		D6B510A724C00E2C0084D813 /* CreateMapWithSceneViewController.m in Sources */ = {isa = PBXBuildFile; fileRef = D6B510A624C00E2C0084D813 /* CreateMapWithSceneViewController.m */; };
		D6B510AA24C00E480084D813 /* CreateMapWithPOIViewController.m in Sources */ = {isa = PBXBuildFile; fileRef = D6B510A924C00E480084D813 /* CreateMapWithPOIViewController.m */; };
		D6B510AD24C040380084D813 /* CreateMapWithSceneReaultViewController.m in Sources */ = {isa = PBXBuildFile; fileRef = D6B510AC24C040380084D813 /* CreateMapWithSceneReaultViewController.m */; };
		D6B510B024C040B00084D813 /* CreateMapWithPOIResultViewController.m in Sources */ = {isa = PBXBuildFile; fileRef = D6B510AF24C040B00084D813 /* CreateMapWithPOIResultViewController.m */; };
		D6B510B324C155CE0084D813 /* IndoorControlsViewController.m in Sources */ = {isa = PBXBuildFile; fileRef = D6B510B224C155CE0084D813 /* IndoorControlsViewController.m */; };
		D6B510B624C155EA0084D813 /* MapAppearanceViewController.m in Sources */ = {isa = PBXBuildFile; fileRef = D6B510B524C155EA0084D813 /* MapAppearanceViewController.m */; };
		D6B510B924C155FD0084D813 /* SwitchingBuildingGesturesViewController.m in Sources */ = {isa = PBXBuildFile; fileRef = D6B510B824C155FD0084D813 /* SwitchingBuildingGesturesViewController.m */; };
		D6B510BC24C1560D0084D813 /* FocusOnIndoorSceneViewController.m in Sources */ = {isa = PBXBuildFile; fileRef = D6B510BB24C1560D0084D813 /* FocusOnIndoorSceneViewController.m */; };
		D6B510BF24C156210084D813 /* ClickEventListeningViewController.m in Sources */ = {isa = PBXBuildFile; fileRef = D6B510BE24C156210084D813 /* ClickEventListeningViewController.m */; };
		D6B510C224C1563B0084D813 /* SceneChangedEventListeningViewController.m in Sources */ = {isa = PBXBuildFile; fileRef = D6B510C124C1563B0084D813 /* SceneChangedEventListeningViewController.m */; };
		D6B510C524C1564B0084D813 /* IndoorSceneInAndOutListeningViewController.m in Sources */ = {isa = PBXBuildFile; fileRef = D6B510C424C1564B0084D813 /* IndoorSceneInAndOutListeningViewController.m */; };
		D6B510C824C52C840084D813 /* FocusOnIndoorSceneParamViewController.m in Sources */ = {isa = PBXBuildFile; fileRef = D6B510C724C52C840084D813 /* FocusOnIndoorSceneParamViewController.m */; };
		D6B510CC24C58D8C0084D813 /* IndoorMarkerViewController.m in Sources */ = {isa = PBXBuildFile; fileRef = D6B510CB24C58D8C0084D813 /* IndoorMarkerViewController.m */; };
		D6B510CF24C58DA00084D813 /* IndoorPolygonViewController.m in Sources */ = {isa = PBXBuildFile; fileRef = D6B510CE24C58DA00084D813 /* IndoorPolygonViewController.m */; };
		D6B510D824C690E00084D813 /* SearchBuildingGlobalParamViewController.m in Sources */ = {isa = PBXBuildFile; fileRef = D6B510D724C690E00084D813 /* SearchBuildingGlobalParamViewController.m */; };
		FE3C2A917D49A09E1FB9219D /* Pods_MapxusMapSampleUITests.framework in Frameworks */ = {isa = PBXBuildFile; fileRef = B6D48763B44BFA0D490D869B /* Pods_MapxusMapSampleUITests.framework */; };
/* End PBXBuildFile section */

/* Begin PBXContainerItemProxy section */
		D684BC7C20FED922004E85D9 /* PBXContainerItemProxy */ = {
			isa = PBXContainerItemProxy;
			containerPortal = D684BC5B20FED921004E85D9 /* Project object */;
			proxyType = 1;
			remoteGlobalIDString = D684BC6220FED921004E85D9;
			remoteInfo = MapxusMapSample;
		};
		D684BC8720FED922004E85D9 /* PBXContainerItemProxy */ = {
			isa = PBXContainerItemProxy;
			containerPortal = D684BC5B20FED921004E85D9 /* Project object */;
			proxyType = 1;
			remoteGlobalIDString = D684BC6220FED921004E85D9;
			remoteInfo = MapxusMapSample;
		};
/* End PBXContainerItemProxy section */

/* Begin PBXCopyFilesBuildPhase section */
		D684BCA820FF4D77004E85D9 /* Embed Frameworks */ = {
			isa = PBXCopyFilesBuildPhase;
			buildActionMask = 2147483647;
			dstPath = "";
			dstSubfolderSpec = 10;
			files = (
			);
			name = "Embed Frameworks";
			runOnlyForDeploymentPostprocessing = 0;
		};
/* End PBXCopyFilesBuildPhase section */

/* Begin PBXFileReference section */
		59F4ABE352B03EF49E072948 /* Pods_MapxusMapSample.framework */ = {isa = PBXFileReference; explicitFileType = wrapper.framework; includeInIndex = 0; path = Pods_MapxusMapSample.framework; sourceTree = BUILT_PRODUCTS_DIR; };
		6761E476883A8A50EAEF788B /* Pods-MapxusMapSample.debug.xcconfig */ = {isa = PBXFileReference; includeInIndex = 1; lastKnownFileType = text.xcconfig; name = "Pods-MapxusMapSample.debug.xcconfig"; path = "Pods/Target Support Files/Pods-MapxusMapSample/Pods-MapxusMapSample.debug.xcconfig"; sourceTree = "<group>"; };
		A072C56DB036E61BB8E83A87 /* Pods_MapxusMapSampleTests.framework */ = {isa = PBXFileReference; explicitFileType = wrapper.framework; includeInIndex = 0; path = Pods_MapxusMapSampleTests.framework; sourceTree = BUILT_PRODUCTS_DIR; };
		AEED814EAD36ACE9D95D5810 /* Pods-MapxusMapSampleTests.release.xcconfig */ = {isa = PBXFileReference; includeInIndex = 1; lastKnownFileType = text.xcconfig; name = "Pods-MapxusMapSampleTests.release.xcconfig"; path = "Pods/Target Support Files/Pods-MapxusMapSampleTests/Pods-MapxusMapSampleTests.release.xcconfig"; sourceTree = "<group>"; };
		B41AF1415917CC65CC4C0DB8 /* Pods-MapxusMapSampleTests.debug.xcconfig */ = {isa = PBXFileReference; includeInIndex = 1; lastKnownFileType = text.xcconfig; name = "Pods-MapxusMapSampleTests.debug.xcconfig"; path = "Pods/Target Support Files/Pods-MapxusMapSampleTests/Pods-MapxusMapSampleTests.debug.xcconfig"; sourceTree = "<group>"; };
		B6D48763B44BFA0D490D869B /* Pods_MapxusMapSampleUITests.framework */ = {isa = PBXFileReference; explicitFileType = wrapper.framework; includeInIndex = 0; path = Pods_MapxusMapSampleUITests.framework; sourceTree = BUILT_PRODUCTS_DIR; };
		BE46F8AF4CD1873D490D0136 /* Pods-MapxusMapSampleUITests.debug.xcconfig */ = {isa = PBXFileReference; includeInIndex = 1; lastKnownFileType = text.xcconfig; name = "Pods-MapxusMapSampleUITests.debug.xcconfig"; path = "Pods/Target Support Files/Pods-MapxusMapSampleUITests/Pods-MapxusMapSampleUITests.debug.xcconfig"; sourceTree = "<group>"; };
		C749DAAF82861B8635A8323D /* Pods-MapxusMapSampleUITests.release.xcconfig */ = {isa = PBXFileReference; includeInIndex = 1; lastKnownFileType = text.xcconfig; name = "Pods-MapxusMapSampleUITests.release.xcconfig"; path = "Pods/Target Support Files/Pods-MapxusMapSampleUITests/Pods-MapxusMapSampleUITests.release.xcconfig"; sourceTree = "<group>"; };
		D6061AD524AB154A0065FBA2 /* MBXCustomLocationManager.m */ = {isa = PBXFileReference; fileEncoding = 4; lastKnownFileType = sourcecode.c.objc; path = MBXCustomLocationManager.m; sourceTree = "<group>"; };
		D6061AD624AB154A0065FBA2 /* MBXCustomLocationManager.h */ = {isa = PBXFileReference; fileEncoding = 4; lastKnownFileType = sourcecode.c.h; path = MBXCustomLocationManager.h; sourceTree = "<group>"; };
		D65B573521CB2D4200142732 /* ShowVisualViewController.h */ = {isa = PBXFileReference; lastKnownFileType = sourcecode.c.h; path = ShowVisualViewController.h; sourceTree = "<group>"; };
		D65B573621CB2D4200142732 /* ShowVisualViewController.m */ = {isa = PBXFileReference; lastKnownFileType = sourcecode.c.objc; path = ShowVisualViewController.m; sourceTree = "<group>"; };
		D65B573821CB949900142732 /* VisualDirectionAnnotationView.h */ = {isa = PBXFileReference; lastKnownFileType = sourcecode.c.h; path = VisualDirectionAnnotationView.h; sourceTree = "<group>"; };
		D65B573921CB949900142732 /* VisualDirectionAnnotationView.m */ = {isa = PBXFileReference; lastKnownFileType = sourcecode.c.objc; path = VisualDirectionAnnotationView.m; sourceTree = "<group>"; };
		D66421E824CC055B0078404B /* SearchIntegrateCategoryViewController.h */ = {isa = PBXFileReference; lastKnownFileType = sourcecode.c.h; path = SearchIntegrateCategoryViewController.h; sourceTree = "<group>"; };
		D66421E924CC055B0078404B /* SearchIntegrateCategoryViewController.m */ = {isa = PBXFileReference; lastKnownFileType = sourcecode.c.objc; path = SearchIntegrateCategoryViewController.m; sourceTree = "<group>"; };
		D66421EC24CC059F0078404B /* SearchIntegratePOIsViewController.h */ = {isa = PBXFileReference; lastKnownFileType = sourcecode.c.h; path = SearchIntegratePOIsViewController.h; sourceTree = "<group>"; };
		D66421ED24CC059F0078404B /* SearchIntegratePOIsViewController.m */ = {isa = PBXFileReference; lastKnownFileType = sourcecode.c.objc; path = SearchIntegratePOIsViewController.m; sourceTree = "<group>"; };
		D66421EF24CC05B70078404B /* SearchIntegratePOIDetailViewController.h */ = {isa = PBXFileReference; lastKnownFileType = sourcecode.c.h; path = SearchIntegratePOIDetailViewController.h; sourceTree = "<group>"; };
		D66421F024CC05B70078404B /* SearchIntegratePOIDetailViewController.m */ = {isa = PBXFileReference; lastKnownFileType = sourcecode.c.objc; path = SearchIntegratePOIDetailViewController.m; sourceTree = "<group>"; };
		D66421F224CC0A440078404B /* SearchIntegrateCategoryCell.h */ = {isa = PBXFileReference; lastKnownFileType = sourcecode.c.h; path = SearchIntegrateCategoryCell.h; sourceTree = "<group>"; };
		D66421F324CC0A440078404B /* SearchIntegrateCategoryCell.m */ = {isa = PBXFileReference; lastKnownFileType = sourcecode.c.objc; path = SearchIntegrateCategoryCell.m; sourceTree = "<group>"; };
		D66421F524CC227D0078404B /* SearchIntegratePOICell.h */ = {isa = PBXFileReference; lastKnownFileType = sourcecode.c.h; path = SearchIntegratePOICell.h; sourceTree = "<group>"; };
		D66421F624CC227D0078404B /* SearchIntegratePOICell.m */ = {isa = PBXFileReference; lastKnownFileType = sourcecode.c.objc; path = SearchIntegratePOICell.m; sourceTree = "<group>"; };
		D66421F824CC328F0078404B /* SearchIntegratePOIDetailBuildingCell.h */ = {isa = PBXFileReference; lastKnownFileType = sourcecode.c.h; path = SearchIntegratePOIDetailBuildingCell.h; sourceTree = "<group>"; };
		D66421F924CC328F0078404B /* SearchIntegratePOIDetailBuildingCell.m */ = {isa = PBXFileReference; lastKnownFileType = sourcecode.c.objc; path = SearchIntegratePOIDetailBuildingCell.m; sourceTree = "<group>"; };
		D66421FB24CC32AE0078404B /* SearchIntegratePOIDetailBaseCell.h */ = {isa = PBXFileReference; lastKnownFileType = sourcecode.c.h; path = SearchIntegratePOIDetailBaseCell.h; sourceTree = "<group>"; };
		D66421FC24CC32AE0078404B /* SearchIntegratePOIDetailBaseCell.m */ = {isa = PBXFileReference; lastKnownFileType = sourcecode.c.objc; path = SearchIntegratePOIDetailBaseCell.m; sourceTree = "<group>"; };
		D664220C24CFCAE40078404B /* MXMPrimaryContentViewController.h */ = {isa = PBXFileReference; lastKnownFileType = sourcecode.c.h; path = MXMPrimaryContentViewController.h; sourceTree = "<group>"; };
		D664220D24CFCAE40078404B /* MXMPrimaryContentViewController.m */ = {isa = PBXFileReference; lastKnownFileType = sourcecode.c.objc; path = MXMPrimaryContentViewController.m; sourceTree = "<group>"; };
		D664220F24CFCB0D0078404B /* MXMDrawerContentViewController.h */ = {isa = PBXFileReference; lastKnownFileType = sourcecode.c.h; path = MXMDrawerContentViewController.h; sourceTree = "<group>"; };
		D664221024CFCB0D0078404B /* MXMDrawerContentViewController.m */ = {isa = PBXFileReference; lastKnownFileType = sourcecode.c.objc; path = MXMDrawerContentViewController.m; sourceTree = "<group>"; };
		D664221224CFCE710078404B /* MXMPulleyViewController.h */ = {isa = PBXFileReference; lastKnownFileType = sourcecode.c.h; path = MXMPulleyViewController.h; sourceTree = "<group>"; };
		D664221324CFCE710078404B /* MXMPulleyViewController.m */ = {isa = PBXFileReference; lastKnownFileType = sourcecode.c.objc; path = MXMPulleyViewController.m; sourceTree = "<group>"; };
		D664221524CFCF300078404B /* MXMPassThroughScrollView.h */ = {isa = PBXFileReference; lastKnownFileType = sourcecode.c.h; path = MXMPassThroughScrollView.h; sourceTree = "<group>"; };
		D664221624CFCF300078404B /* MXMPassThroughScrollView.m */ = {isa = PBXFileReference; lastKnownFileType = sourcecode.c.objc; path = MXMPassThroughScrollView.m; sourceTree = "<group>"; };
		D664221E24D02B3B0078404B /* MXMPulleyProtocols.h */ = {isa = PBXFileReference; lastKnownFileType = sourcecode.c.h; path = MXMPulleyProtocols.h; sourceTree = "<group>"; };
		D664222224D1270A0078404B /* ExplorerButtonViewController.h */ = {isa = PBXFileReference; lastKnownFileType = sourcecode.c.h; path = ExplorerButtonViewController.h; sourceTree = "<group>"; };
		D664222324D1270A0078404B /* ExplorerButtonViewController.m */ = {isa = PBXFileReference; lastKnownFileType = sourcecode.c.objc; path = ExplorerButtonViewController.m; sourceTree = "<group>"; };
		D672A1E224D27732005777A7 /* UIViewController+Pulley.h */ = {isa = PBXFileReference; lastKnownFileType = sourcecode.c.h; path = "UIViewController+Pulley.h"; sourceTree = "<group>"; };
		D672A1E324D27732005777A7 /* UIViewController+Pulley.m */ = {isa = PBXFileReference; lastKnownFileType = sourcecode.c.objc; path = "UIViewController+Pulley.m"; sourceTree = "<group>"; };
		D672A1E524D2BBFA005777A7 /* UIImage+icon.h */ = {isa = PBXFileReference; lastKnownFileType = sourcecode.c.h; path = "UIImage+icon.h"; sourceTree = "<group>"; };
		D672A1E624D2BBFA005777A7 /* UIImage+icon.m */ = {isa = PBXFileReference; lastKnownFileType = sourcecode.c.objc; path = "UIImage+icon.m"; sourceTree = "<group>"; };
		D672A1E824D407EA005777A7 /* MXMGeoBuilding+Language.h */ = {isa = PBXFileReference; lastKnownFileType = sourcecode.c.h; path = "MXMGeoBuilding+Language.h"; sourceTree = "<group>"; };
		D672A1E924D407EA005777A7 /* MXMGeoBuilding+Language.m */ = {isa = PBXFileReference; lastKnownFileType = sourcecode.c.objc; path = "MXMGeoBuilding+Language.m"; sourceTree = "<group>"; };
		D672A1EB24D40907005777A7 /* MXMCategory+Language.h */ = {isa = PBXFileReference; lastKnownFileType = sourcecode.c.h; path = "MXMCategory+Language.h"; sourceTree = "<group>"; };
		D672A1EC24D40907005777A7 /* MXMCategory+Language.m */ = {isa = PBXFileReference; lastKnownFileType = sourcecode.c.objc; path = "MXMCategory+Language.m"; sourceTree = "<group>"; };
		D672A1EE24D4098F005777A7 /* MXMPOI+Language.h */ = {isa = PBXFileReference; lastKnownFileType = sourcecode.c.h; path = "MXMPOI+Language.h"; sourceTree = "<group>"; };
		D672A1EF24D4098F005777A7 /* MXMPOI+Language.m */ = {isa = PBXFileReference; lastKnownFileType = sourcecode.c.objc; path = "MXMPOI+Language.m"; sourceTree = "<group>"; };
		D672A1F124D409B2005777A7 /* MXMBuilding+Language.h */ = {isa = PBXFileReference; lastKnownFileType = sourcecode.c.h; path = "MXMBuilding+Language.h"; sourceTree = "<group>"; };
		D672A1F224D409B2005777A7 /* MXMBuilding+Language.m */ = {isa = PBXFileReference; lastKnownFileType = sourcecode.c.objc; path = "MXMBuilding+Language.m"; sourceTree = "<group>"; };
		D67F00DD24C983EC003D40BA /* RouteViewController.h */ = {isa = PBXFileReference; lastKnownFileType = sourcecode.c.h; path = RouteViewController.h; sourceTree = "<group>"; };
		D67F00DE24C983EC003D40BA /* RouteViewController.m */ = {isa = PBXFileReference; lastKnownFileType = sourcecode.c.objc; path = RouteViewController.m; sourceTree = "<group>"; };
		D67F00E024C9841B003D40BA /* SearchIntegrateViewController.h */ = {isa = PBXFileReference; lastKnownFileType = sourcecode.c.h; path = SearchIntegrateViewController.h; sourceTree = "<group>"; };
		D67F00E124C9841B003D40BA /* SearchIntegrateViewController.m */ = {isa = PBXFileReference; lastKnownFileType = sourcecode.c.objc; path = SearchIntegrateViewController.m; sourceTree = "<group>"; };
		D67F00E324C98780003D40BA /* MXMRouteLocationManager.h */ = {isa = PBXFileReference; lastKnownFileType = sourcecode.c.h; path = MXMRouteLocationManager.h; sourceTree = "<group>"; };
		D67F00E424C98780003D40BA /* MXMRouteLocationManager.m */ = {isa = PBXFileReference; lastKnownFileType = sourcecode.c.objc; path = MXMRouteLocationManager.m; sourceTree = "<group>"; };
		D684BC6320FED921004E85D9 /* MapxusMapSample.app */ = {isa = PBXFileReference; explicitFileType = wrapper.application; includeInIndex = 0; path = MapxusMapSample.app; sourceTree = BUILT_PRODUCTS_DIR; };
		D684BC6620FED921004E85D9 /* AppDelegate.h */ = {isa = PBXFileReference; lastKnownFileType = sourcecode.c.h; path = AppDelegate.h; sourceTree = "<group>"; };
		D684BC6720FED921004E85D9 /* AppDelegate.m */ = {isa = PBXFileReference; lastKnownFileType = sourcecode.c.objc; path = AppDelegate.m; sourceTree = "<group>"; };
		D684BC7420FED922004E85D9 /* Info.plist */ = {isa = PBXFileReference; lastKnownFileType = text.plist.xml; path = Info.plist; sourceTree = "<group>"; };
		D684BC7520FED922004E85D9 /* main.m */ = {isa = PBXFileReference; lastKnownFileType = sourcecode.c.objc; path = main.m; sourceTree = "<group>"; };
		D684BC7B20FED922004E85D9 /* MapxusMapSampleTests.xctest */ = {isa = PBXFileReference; explicitFileType = wrapper.cfbundle; includeInIndex = 0; path = MapxusMapSampleTests.xctest; sourceTree = BUILT_PRODUCTS_DIR; };
		D684BC7F20FED922004E85D9 /* MapxusMapSampleTests.m */ = {isa = PBXFileReference; lastKnownFileType = sourcecode.c.objc; path = MapxusMapSampleTests.m; sourceTree = "<group>"; };
		D684BC8120FED922004E85D9 /* Info.plist */ = {isa = PBXFileReference; lastKnownFileType = text.plist.xml; path = Info.plist; sourceTree = "<group>"; };
		D684BC8620FED922004E85D9 /* MapxusMapSampleUITests.xctest */ = {isa = PBXFileReference; explicitFileType = wrapper.cfbundle; includeInIndex = 0; path = MapxusMapSampleUITests.xctest; sourceTree = BUILT_PRODUCTS_DIR; };
		D684BC8A20FED922004E85D9 /* MapxusMapSampleUITests.m */ = {isa = PBXFileReference; lastKnownFileType = sourcecode.c.objc; path = MapxusMapSampleUITests.m; sourceTree = "<group>"; };
		D684BC8C20FED922004E85D9 /* Info.plist */ = {isa = PBXFileReference; lastKnownFileType = text.plist.xml; path = Info.plist; sourceTree = "<group>"; };
		D684BCEF20FF8A16004E85D9 /* FeatureCollectionViewCell.m */ = {isa = PBXFileReference; fileEncoding = 4; lastKnownFileType = sourcecode.c.objc; path = FeatureCollectionViewCell.m; sourceTree = "<group>"; };
		D684BCF020FF8A16004E85D9 /* MenuTableViewCell.m */ = {isa = PBXFileReference; fileEncoding = 4; lastKnownFileType = sourcecode.c.objc; path = MenuTableViewCell.m; sourceTree = "<group>"; };
		D684BCF120FF8A16004E85D9 /* FeaturesCollectionViewController.h */ = {isa = PBXFileReference; fileEncoding = 4; lastKnownFileType = sourcecode.c.h; path = FeaturesCollectionViewController.h; sourceTree = "<group>"; };
		D684BCF220FF8A16004E85D9 /* Feature.h */ = {isa = PBXFileReference; fileEncoding = 4; lastKnownFileType = sourcecode.c.h; path = Feature.h; sourceTree = "<group>"; };
		D684BCF320FF8A16004E85D9 /* MenuViewController.h */ = {isa = PBXFileReference; fileEncoding = 4; lastKnownFileType = sourcecode.c.h; path = MenuViewController.h; sourceTree = "<group>"; };
		D684BCF420FF8A16004E85D9 /* MenuTableViewCell.h */ = {isa = PBXFileReference; fileEncoding = 4; lastKnownFileType = sourcecode.c.h; path = MenuTableViewCell.h; sourceTree = "<group>"; };
		D684BCF520FF8A16004E85D9 /* FeatureCollectionViewCell.h */ = {isa = PBXFileReference; fileEncoding = 4; lastKnownFileType = sourcecode.c.h; path = FeatureCollectionViewCell.h; sourceTree = "<group>"; };
		D684BCF620FF8A16004E85D9 /* MenuViewController.m */ = {isa = PBXFileReference; fileEncoding = 4; lastKnownFileType = sourcecode.c.objc; path = MenuViewController.m; sourceTree = "<group>"; };
		D684BCF720FF8A16004E85D9 /* Feature.m */ = {isa = PBXFileReference; fileEncoding = 4; lastKnownFileType = sourcecode.c.objc; path = Feature.m; sourceTree = "<group>"; };
		D684BCF820FF8A16004E85D9 /* FeaturesCollectionViewController.m */ = {isa = PBXFileReference; fileEncoding = 4; lastKnownFileType = sourcecode.c.objc; path = FeaturesCollectionViewController.m; sourceTree = "<group>"; };
		D684BD2820FF8A18004E85D9 /* JRSwizzle.h */ = {isa = PBXFileReference; fileEncoding = 4; lastKnownFileType = sourcecode.c.h; path = JRSwizzle.h; sourceTree = "<group>"; };
		D684BD2920FF8A18004E85D9 /* JRSwizzle.m */ = {isa = PBXFileReference; fileEncoding = 4; lastKnownFileType = sourcecode.c.objc; path = JRSwizzle.m; sourceTree = "<group>"; };
		D684BD2B20FF8A18004E85D9 /* SearchBuildingGlobalViewController.h */ = {isa = PBXFileReference; fileEncoding = 4; lastKnownFileType = sourcecode.c.h; path = SearchBuildingGlobalViewController.h; sourceTree = "<group>"; };
		D684BD2C20FF8A18004E85D9 /* SearchPOINearbyViewController.h */ = {isa = PBXFileReference; fileEncoding = 4; lastKnownFileType = sourcecode.c.h; path = SearchPOINearbyViewController.h; sourceTree = "<group>"; };
		D684BD3120FF8A18004E85D9 /* SearchPOIInBoundViewController.h */ = {isa = PBXFileReference; fileEncoding = 4; lastKnownFileType = sourcecode.c.h; path = SearchPOIInBoundViewController.h; sourceTree = "<group>"; };
		D684BD3220FF8A18004E85D9 /* SearchBuildingInBoundViewController.m */ = {isa = PBXFileReference; fileEncoding = 4; lastKnownFileType = sourcecode.c.objc; path = SearchBuildingInBoundViewController.m; sourceTree = "<group>"; };
		D684BD3420FF8A18004E85D9 /* SearchBuildingNearbyViewController.m */ = {isa = PBXFileReference; fileEncoding = 4; lastKnownFileType = sourcecode.c.objc; path = SearchBuildingNearbyViewController.m; sourceTree = "<group>"; };
		D684BD3820FF8A18004E85D9 /* SearchPOINearbyViewController.m */ = {isa = PBXFileReference; fileEncoding = 4; lastKnownFileType = sourcecode.c.objc; path = SearchPOINearbyViewController.m; sourceTree = "<group>"; };
		D684BD3920FF8A18004E85D9 /* SearchBuildingGlobalViewController.m */ = {isa = PBXFileReference; fileEncoding = 4; lastKnownFileType = sourcecode.c.objc; path = SearchBuildingGlobalViewController.m; sourceTree = "<group>"; };
		D684BD3F20FF8A18004E85D9 /* SearchBuildingInBoundViewController.h */ = {isa = PBXFileReference; fileEncoding = 4; lastKnownFileType = sourcecode.c.h; path = SearchBuildingInBoundViewController.h; sourceTree = "<group>"; };
		D684BD4020FF8A18004E85D9 /* SearchPOIInBoundViewController.m */ = {isa = PBXFileReference; fileEncoding = 4; lastKnownFileType = sourcecode.c.objc; path = SearchPOIInBoundViewController.m; sourceTree = "<group>"; };
		D684BD4620FF8A18004E85D9 /* SearchBuildingNearbyViewController.h */ = {isa = PBXFileReference; fileEncoding = 4; lastKnownFileType = sourcecode.c.h; path = SearchBuildingNearbyViewController.h; sourceTree = "<group>"; };
		D684BD4920FF8A18004E85D9 /* UIViewController+Swizzle.m */ = {isa = PBXFileReference; fileEncoding = 4; lastKnownFileType = sourcecode.c.objc; path = "UIViewController+Swizzle.m"; sourceTree = "<group>"; };
		D684BD4A20FF8A18004E85D9 /* UIViewController+Swizzle.h */ = {isa = PBXFileReference; fileEncoding = 4; lastKnownFileType = sourcecode.c.h; path = "UIViewController+Swizzle.h"; sourceTree = "<group>"; };
		D684BD4F20FF8A18004E85D9 /* DisplayLocationViewController.h */ = {isa = PBXFileReference; fileEncoding = 4; lastKnownFileType = sourcecode.c.h; path = DisplayLocationViewController.h; sourceTree = "<group>"; };
		D684BD5320FF8A18004E85D9 /* DisplayLocationViewController.m */ = {isa = PBXFileReference; fileEncoding = 4; lastKnownFileType = sourcecode.c.objc; path = DisplayLocationViewController.m; sourceTree = "<group>"; };
		D684BD5420FF8A18004E85D9 /* Assets.xcassets */ = {isa = PBXFileReference; lastKnownFileType = folder.assetcatalog; path = Assets.xcassets; sourceTree = "<group>"; };
		D684BD9B20FF8A68004E85D9 /* Base */ = {isa = PBXFileReference; lastKnownFileType = file.storyboard; name = Base; path = Base.lproj/LaunchScreen.storyboard; sourceTree = "<group>"; };
		D684BD9D20FF8A69004E85D9 /* Base */ = {isa = PBXFileReference; lastKnownFileType = file.storyboard; name = Base; path = Base.lproj/Main.storyboard; sourceTree = "<group>"; };
		D684BDA120FF8AC5004E85D9 /* en */ = {isa = PBXFileReference; lastKnownFileType = text.plist.strings; name = en; path = en.lproj/Localizable.strings; sourceTree = "<group>"; };
		D684BDA320FF8ADF004E85D9 /* zh-Hant */ = {isa = PBXFileReference; lastKnownFileType = text.plist.strings; name = "zh-Hant"; path = "zh-Hant.lproj/Localizable.strings"; sourceTree = "<group>"; };
		D684BDA420FF8AE3004E85D9 /* zh-Hans */ = {isa = PBXFileReference; lastKnownFileType = text.plist.strings; name = "zh-Hans"; path = "zh-Hans.lproj/Localizable.strings"; sourceTree = "<group>"; };
		D684BDA720FF8B03004E85D9 /* zh-Hant */ = {isa = PBXFileReference; lastKnownFileType = text.plist.strings; name = "zh-Hant"; path = "zh-Hant.lproj/LaunchScreen.strings"; sourceTree = "<group>"; };
		D684BDA820FF8B06004E85D9 /* zh-Hans */ = {isa = PBXFileReference; lastKnownFileType = text.plist.strings; name = "zh-Hans"; path = "zh-Hans.lproj/LaunchScreen.strings"; sourceTree = "<group>"; };
		D684BDA920FF8B21004E85D9 /* zh-Hant */ = {isa = PBXFileReference; lastKnownFileType = text.plist.strings; name = "zh-Hant"; path = "zh-Hant.lproj/Main.strings"; sourceTree = "<group>"; };
		D684BDAA20FF8B25004E85D9 /* zh-Hans */ = {isa = PBXFileReference; lastKnownFileType = text.plist.strings; name = "zh-Hans"; path = "zh-Hans.lproj/Main.strings"; sourceTree = "<group>"; };
		D695841C24C6D2DD00466372 /* SearchBuildingInBoundParamViewController.h */ = {isa = PBXFileReference; lastKnownFileType = sourcecode.c.h; path = SearchBuildingInBoundParamViewController.h; sourceTree = "<group>"; };
		D695841D24C6D2DD00466372 /* SearchBuildingInBoundParamViewController.m */ = {isa = PBXFileReference; lastKnownFileType = sourcecode.c.objc; path = SearchBuildingInBoundParamViewController.m; sourceTree = "<group>"; };
		D695841F24C6ECB300466372 /* SearchBuildingNearbyParamViewController.h */ = {isa = PBXFileReference; lastKnownFileType = sourcecode.c.h; path = SearchBuildingNearbyParamViewController.h; sourceTree = "<group>"; };
		D695842024C6ECB300466372 /* SearchBuildingNearbyParamViewController.m */ = {isa = PBXFileReference; lastKnownFileType = sourcecode.c.objc; path = SearchBuildingNearbyParamViewController.m; sourceTree = "<group>"; };
		D695842224C7CF6C00466372 /* SearchBuildingByIDParamViewController.h */ = {isa = PBXFileReference; lastKnownFileType = sourcecode.c.h; path = SearchBuildingByIDParamViewController.h; sourceTree = "<group>"; };
		D695842324C7CF6C00466372 /* SearchBuildingByIDParamViewController.m */ = {isa = PBXFileReference; lastKnownFileType = sourcecode.c.objc; path = SearchBuildingByIDParamViewController.m; sourceTree = "<group>"; };
		D695842524C7D0AE00466372 /* SearchBuildingByIDViewController.h */ = {isa = PBXFileReference; lastKnownFileType = sourcecode.c.h; path = SearchBuildingByIDViewController.h; sourceTree = "<group>"; };
		D695842624C7D0AE00466372 /* SearchBuildingByIDViewController.m */ = {isa = PBXFileReference; lastKnownFileType = sourcecode.c.objc; path = SearchBuildingByIDViewController.m; sourceTree = "<group>"; };
		D695842824C7D6F000466372 /* BuildingIDCell.h */ = {isa = PBXFileReference; lastKnownFileType = sourcecode.c.h; path = BuildingIDCell.h; sourceTree = "<group>"; };
		D695842924C7D6F000466372 /* BuildingIDCell.m */ = {isa = PBXFileReference; lastKnownFileType = sourcecode.c.objc; path = BuildingIDCell.m; sourceTree = "<group>"; };
		D695842B24C7E07D00466372 /* Macro.h */ = {isa = PBXFileReference; lastKnownFileType = sourcecode.c.h; path = Macro.h; sourceTree = "<group>"; };
		D695842C24C7F97800466372 /* CategoryIncludeInSceneViewController.h */ = {isa = PBXFileReference; lastKnownFileType = sourcecode.c.h; path = CategoryIncludeInSceneViewController.h; sourceTree = "<group>"; };
		D695842D24C7F97800466372 /* CategoryIncludeInSceneViewController.m */ = {isa = PBXFileReference; lastKnownFileType = sourcecode.c.objc; path = CategoryIncludeInSceneViewController.m; sourceTree = "<group>"; };
		D695842F24C8059100466372 /* SearchPOIInSceneViewController.h */ = {isa = PBXFileReference; lastKnownFileType = sourcecode.c.h; path = SearchPOIInSceneViewController.h; sourceTree = "<group>"; };
		D695843024C8059100466372 /* SearchPOIInSceneViewController.m */ = {isa = PBXFileReference; lastKnownFileType = sourcecode.c.objc; path = SearchPOIInSceneViewController.m; sourceTree = "<group>"; };
		D695843224C805AE00466372 /* SearchPOIInSceneParamViewController.h */ = {isa = PBXFileReference; lastKnownFileType = sourcecode.c.h; path = SearchPOIInSceneParamViewController.h; sourceTree = "<group>"; };
		D695843324C805AE00466372 /* SearchPOIInSceneParamViewController.m */ = {isa = PBXFileReference; lastKnownFileType = sourcecode.c.objc; path = SearchPOIInSceneParamViewController.m; sourceTree = "<group>"; };
		D695843524C805DB00466372 /* SearchPOIInBoundParamViewController.h */ = {isa = PBXFileReference; lastKnownFileType = sourcecode.c.h; path = SearchPOIInBoundParamViewController.h; sourceTree = "<group>"; };
		D695843624C805DB00466372 /* SearchPOIInBoundParamViewController.m */ = {isa = PBXFileReference; lastKnownFileType = sourcecode.c.objc; path = SearchPOIInBoundParamViewController.m; sourceTree = "<group>"; };
		D695843824C8061F00466372 /* SearchPOINearbyParamViewController.h */ = {isa = PBXFileReference; lastKnownFileType = sourcecode.c.h; path = SearchPOINearbyParamViewController.h; sourceTree = "<group>"; };
		D695843924C8061F00466372 /* SearchPOINearbyParamViewController.m */ = {isa = PBXFileReference; lastKnownFileType = sourcecode.c.objc; path = SearchPOINearbyParamViewController.m; sourceTree = "<group>"; };
		D695843B24C8066900466372 /* SearchPOIByIDViewController.h */ = {isa = PBXFileReference; lastKnownFileType = sourcecode.c.h; path = SearchPOIByIDViewController.h; sourceTree = "<group>"; };
		D695843C24C8066900466372 /* SearchPOIByIDViewController.m */ = {isa = PBXFileReference; lastKnownFileType = sourcecode.c.objc; path = SearchPOIByIDViewController.m; sourceTree = "<group>"; };
		D695843E24C8068A00466372 /* SearchPOIByIDParamViewController.h */ = {isa = PBXFileReference; lastKnownFileType = sourcecode.c.h; path = SearchPOIByIDParamViewController.h; sourceTree = "<group>"; };
		D695843F24C8068A00466372 /* SearchPOIByIDParamViewController.m */ = {isa = PBXFileReference; lastKnownFileType = sourcecode.c.objc; path = SearchPOIByIDParamViewController.m; sourceTree = "<group>"; };
		D695844124C806AD00466372 /* SurroundingIdentificationViewController.h */ = {isa = PBXFileReference; lastKnownFileType = sourcecode.c.h; path = SurroundingIdentificationViewController.h; sourceTree = "<group>"; };
		D695844224C806AD00466372 /* SurroundingIdentificationViewController.m */ = {isa = PBXFileReference; lastKnownFileType = sourcecode.c.objc; path = SurroundingIdentificationViewController.m; sourceTree = "<group>"; };
		D695844724C8368D00466372 /* POIIDCell.h */ = {isa = PBXFileReference; lastKnownFileType = sourcecode.c.h; path = POIIDCell.h; sourceTree = "<group>"; };
		D695844824C8368D00466372 /* POIIDCell.m */ = {isa = PBXFileReference; lastKnownFileType = sourcecode.c.objc; path = POIIDCell.m; sourceTree = "<group>"; };
		D695844A24C83BC000466372 /* MXMSimulateLocationManager.h */ = {isa = PBXFileReference; lastKnownFileType = sourcecode.c.h; path = MXMSimulateLocationManager.h; sourceTree = "<group>"; };
		D695844B24C83BC000466372 /* MXMSimulateLocationManager.m */ = {isa = PBXFileReference; lastKnownFileType = sourcecode.c.objc; path = MXMSimulateLocationManager.m; sourceTree = "<group>"; };
		D695844D24C845FC00466372 /* SurroundingIdentificationParamViewController.h */ = {isa = PBXFileReference; lastKnownFileType = sourcecode.c.h; path = SurroundingIdentificationParamViewController.h; sourceTree = "<group>"; };
		D695844E24C845FC00466372 /* SurroundingIdentificationParamViewController.m */ = {isa = PBXFileReference; lastKnownFileType = sourcecode.c.objc; path = SurroundingIdentificationParamViewController.m; sourceTree = "<group>"; };
		D695845024C8B0B700466372 /* CategoryIncludeInSceneResultViewController.h */ = {isa = PBXFileReference; lastKnownFileType = sourcecode.c.h; path = CategoryIncludeInSceneResultViewController.h; sourceTree = "<group>"; };
		D695845124C8B0B700466372 /* CategoryIncludeInSceneResultViewController.m */ = {isa = PBXFileReference; lastKnownFileType = sourcecode.c.objc; path = CategoryIncludeInSceneResultViewController.m; sourceTree = "<group>"; };
		D695845324C8B6AE00466372 /* CategoryCell.h */ = {isa = PBXFileReference; lastKnownFileType = sourcecode.c.h; path = CategoryCell.h; sourceTree = "<group>"; };
		D695845424C8B6AE00466372 /* CategoryCell.m */ = {isa = PBXFileReference; lastKnownFileType = sourcecode.c.objc; path = CategoryCell.m; sourceTree = "<group>"; };
		D6B5109A24C00CDB0084D813 /* CreateMapByCodeViewController.h */ = {isa = PBXFileReference; lastKnownFileType = sourcecode.c.h; path = CreateMapByCodeViewController.h; sourceTree = "<group>"; };
		D6B5109B24C00CDB0084D813 /* CreateMapByCodeViewController.m */ = {isa = PBXFileReference; lastKnownFileType = sourcecode.c.objc; path = CreateMapByCodeViewController.m; sourceTree = "<group>"; };
		D6B510A024C00E050084D813 /* CreateMapByXibViewController.h */ = {isa = PBXFileReference; lastKnownFileType = sourcecode.c.h; path = CreateMapByXibViewController.h; sourceTree = "<group>"; };
		D6B510A124C00E050084D813 /* CreateMapByXibViewController.m */ = {isa = PBXFileReference; lastKnownFileType = sourcecode.c.objc; path = CreateMapByXibViewController.m; sourceTree = "<group>"; };
		D6B510A224C00E050084D813 /* CreateMapByXibViewController.xib */ = {isa = PBXFileReference; lastKnownFileType = file.xib; path = CreateMapByXibViewController.xib; sourceTree = "<group>"; };
		D6B510A524C00E2C0084D813 /* CreateMapWithSceneViewController.h */ = {isa = PBXFileReference; lastKnownFileType = sourcecode.c.h; path = CreateMapWithSceneViewController.h; sourceTree = "<group>"; };
		D6B510A624C00E2C0084D813 /* CreateMapWithSceneViewController.m */ = {isa = PBXFileReference; lastKnownFileType = sourcecode.c.objc; path = CreateMapWithSceneViewController.m; sourceTree = "<group>"; };
		D6B510A824C00E480084D813 /* CreateMapWithPOIViewController.h */ = {isa = PBXFileReference; lastKnownFileType = sourcecode.c.h; path = CreateMapWithPOIViewController.h; sourceTree = "<group>"; };
		D6B510A924C00E480084D813 /* CreateMapWithPOIViewController.m */ = {isa = PBXFileReference; lastKnownFileType = sourcecode.c.objc; path = CreateMapWithPOIViewController.m; sourceTree = "<group>"; };
		D6B510AB24C040380084D813 /* CreateMapWithSceneReaultViewController.h */ = {isa = PBXFileReference; lastKnownFileType = sourcecode.c.h; path = CreateMapWithSceneReaultViewController.h; sourceTree = "<group>"; };
		D6B510AC24C040380084D813 /* CreateMapWithSceneReaultViewController.m */ = {isa = PBXFileReference; lastKnownFileType = sourcecode.c.objc; path = CreateMapWithSceneReaultViewController.m; sourceTree = "<group>"; };
		D6B510AE24C040B00084D813 /* CreateMapWithPOIResultViewController.h */ = {isa = PBXFileReference; lastKnownFileType = sourcecode.c.h; path = CreateMapWithPOIResultViewController.h; sourceTree = "<group>"; };
		D6B510AF24C040B00084D813 /* CreateMapWithPOIResultViewController.m */ = {isa = PBXFileReference; lastKnownFileType = sourcecode.c.objc; path = CreateMapWithPOIResultViewController.m; sourceTree = "<group>"; };
		D6B510B124C155CE0084D813 /* IndoorControlsViewController.h */ = {isa = PBXFileReference; lastKnownFileType = sourcecode.c.h; path = IndoorControlsViewController.h; sourceTree = "<group>"; };
		D6B510B224C155CE0084D813 /* IndoorControlsViewController.m */ = {isa = PBXFileReference; lastKnownFileType = sourcecode.c.objc; path = IndoorControlsViewController.m; sourceTree = "<group>"; };
		D6B510B424C155EA0084D813 /* MapAppearanceViewController.h */ = {isa = PBXFileReference; lastKnownFileType = sourcecode.c.h; path = MapAppearanceViewController.h; sourceTree = "<group>"; };
		D6B510B524C155EA0084D813 /* MapAppearanceViewController.m */ = {isa = PBXFileReference; lastKnownFileType = sourcecode.c.objc; path = MapAppearanceViewController.m; sourceTree = "<group>"; };
		D6B510B724C155FD0084D813 /* SwitchingBuildingGesturesViewController.h */ = {isa = PBXFileReference; lastKnownFileType = sourcecode.c.h; path = SwitchingBuildingGesturesViewController.h; sourceTree = "<group>"; };
		D6B510B824C155FD0084D813 /* SwitchingBuildingGesturesViewController.m */ = {isa = PBXFileReference; lastKnownFileType = sourcecode.c.objc; path = SwitchingBuildingGesturesViewController.m; sourceTree = "<group>"; };
		D6B510BA24C1560D0084D813 /* FocusOnIndoorSceneViewController.h */ = {isa = PBXFileReference; lastKnownFileType = sourcecode.c.h; path = FocusOnIndoorSceneViewController.h; sourceTree = "<group>"; };
		D6B510BB24C1560D0084D813 /* FocusOnIndoorSceneViewController.m */ = {isa = PBXFileReference; lastKnownFileType = sourcecode.c.objc; path = FocusOnIndoorSceneViewController.m; sourceTree = "<group>"; };
		D6B510BD24C156210084D813 /* ClickEventListeningViewController.h */ = {isa = PBXFileReference; lastKnownFileType = sourcecode.c.h; path = ClickEventListeningViewController.h; sourceTree = "<group>"; };
		D6B510BE24C156210084D813 /* ClickEventListeningViewController.m */ = {isa = PBXFileReference; lastKnownFileType = sourcecode.c.objc; path = ClickEventListeningViewController.m; sourceTree = "<group>"; };
		D6B510C024C1563B0084D813 /* SceneChangedEventListeningViewController.h */ = {isa = PBXFileReference; lastKnownFileType = sourcecode.c.h; path = SceneChangedEventListeningViewController.h; sourceTree = "<group>"; };
		D6B510C124C1563B0084D813 /* SceneChangedEventListeningViewController.m */ = {isa = PBXFileReference; lastKnownFileType = sourcecode.c.objc; path = SceneChangedEventListeningViewController.m; sourceTree = "<group>"; };
		D6B510C324C1564B0084D813 /* IndoorSceneInAndOutListeningViewController.h */ = {isa = PBXFileReference; lastKnownFileType = sourcecode.c.h; path = IndoorSceneInAndOutListeningViewController.h; sourceTree = "<group>"; };
		D6B510C424C1564B0084D813 /* IndoorSceneInAndOutListeningViewController.m */ = {isa = PBXFileReference; lastKnownFileType = sourcecode.c.objc; path = IndoorSceneInAndOutListeningViewController.m; sourceTree = "<group>"; };
		D6B510C624C52C840084D813 /* FocusOnIndoorSceneParamViewController.h */ = {isa = PBXFileReference; lastKnownFileType = sourcecode.c.h; path = FocusOnIndoorSceneParamViewController.h; sourceTree = "<group>"; };
		D6B510C724C52C840084D813 /* FocusOnIndoorSceneParamViewController.m */ = {isa = PBXFileReference; lastKnownFileType = sourcecode.c.objc; path = FocusOnIndoorSceneParamViewController.m; sourceTree = "<group>"; };
		D6B510C924C533BF0084D813 /* Param.h */ = {isa = PBXFileReference; lastKnownFileType = sourcecode.c.h; path = Param.h; sourceTree = "<group>"; };
		D6B510CA24C58D8C0084D813 /* IndoorMarkerViewController.h */ = {isa = PBXFileReference; lastKnownFileType = sourcecode.c.h; path = IndoorMarkerViewController.h; sourceTree = "<group>"; };
		D6B510CB24C58D8C0084D813 /* IndoorMarkerViewController.m */ = {isa = PBXFileReference; lastKnownFileType = sourcecode.c.objc; path = IndoorMarkerViewController.m; sourceTree = "<group>"; };
		D6B510CD24C58DA00084D813 /* IndoorPolygonViewController.h */ = {isa = PBXFileReference; lastKnownFileType = sourcecode.c.h; path = IndoorPolygonViewController.h; sourceTree = "<group>"; };
		D6B510CE24C58DA00084D813 /* IndoorPolygonViewController.m */ = {isa = PBXFileReference; lastKnownFileType = sourcecode.c.objc; path = IndoorPolygonViewController.m; sourceTree = "<group>"; };
		D6B510D624C690E00084D813 /* SearchBuildingGlobalParamViewController.h */ = {isa = PBXFileReference; lastKnownFileType = sourcecode.c.h; path = SearchBuildingGlobalParamViewController.h; sourceTree = "<group>"; };
		D6B510D724C690E00084D813 /* SearchBuildingGlobalParamViewController.m */ = {isa = PBXFileReference; lastKnownFileType = sourcecode.c.objc; path = SearchBuildingGlobalParamViewController.m; sourceTree = "<group>"; };
		FBCFA9805C81342EAED3714B /* Pods-MapxusMapSample.release.xcconfig */ = {isa = PBXFileReference; includeInIndex = 1; lastKnownFileType = text.xcconfig; name = "Pods-MapxusMapSample.release.xcconfig"; path = "Pods/Target Support Files/Pods-MapxusMapSample/Pods-MapxusMapSample.release.xcconfig"; sourceTree = "<group>"; };
/* End PBXFileReference section */

/* Begin PBXFrameworksBuildPhase section */
		D684BC6020FED921004E85D9 /* Frameworks */ = {
			isa = PBXFrameworksBuildPhase;
			buildActionMask = 2147483647;
			files = (
				C15E72DA8653D29FC9C04174 /* Pods_MapxusMapSample.framework in Frameworks */,
			);
			runOnlyForDeploymentPostprocessing = 0;
		};
		D684BC7820FED922004E85D9 /* Frameworks */ = {
			isa = PBXFrameworksBuildPhase;
			buildActionMask = 2147483647;
			files = (
				CAE3C695D3128BDE5CFD6BCA /* Pods_MapxusMapSampleTests.framework in Frameworks */,
			);
			runOnlyForDeploymentPostprocessing = 0;
		};
		D684BC8320FED922004E85D9 /* Frameworks */ = {
			isa = PBXFrameworksBuildPhase;
			buildActionMask = 2147483647;
			files = (
				FE3C2A917D49A09E1FB9219D /* Pods_MapxusMapSampleUITests.framework in Frameworks */,
			);
			runOnlyForDeploymentPostprocessing = 0;
		};
/* End PBXFrameworksBuildPhase section */

/* Begin PBXGroup section */
		9EF10F73C9FD8B939971BDAB /* Frameworks */ = {
			isa = PBXGroup;
			children = (
				59F4ABE352B03EF49E072948 /* Pods_MapxusMapSample.framework */,
				A072C56DB036E61BB8E83A87 /* Pods_MapxusMapSampleTests.framework */,
				B6D48763B44BFA0D490D869B /* Pods_MapxusMapSampleUITests.framework */,
			);
			name = Frameworks;
			sourceTree = "<group>";
		};
		B2C89EA6120F5BC4478C79C1 /* Pods */ = {
			isa = PBXGroup;
			children = (
				6761E476883A8A50EAEF788B /* Pods-MapxusMapSample.debug.xcconfig */,
				FBCFA9805C81342EAED3714B /* Pods-MapxusMapSample.release.xcconfig */,
				B41AF1415917CC65CC4C0DB8 /* Pods-MapxusMapSampleTests.debug.xcconfig */,
				AEED814EAD36ACE9D95D5810 /* Pods-MapxusMapSampleTests.release.xcconfig */,
				BE46F8AF4CD1873D490D0136 /* Pods-MapxusMapSampleUITests.debug.xcconfig */,
				C749DAAF82861B8635A8323D /* Pods-MapxusMapSampleUITests.release.xcconfig */,
			);
			name = Pods;
			sourceTree = "<group>";
		};
		D6408DA2212FF7A200582558 /* MapInteraction */ = {
			isa = PBXGroup;
			children = (
				D6B510B124C155CE0084D813 /* IndoorControlsViewController.h */,
				D6B510B224C155CE0084D813 /* IndoorControlsViewController.m */,
				D6B510B424C155EA0084D813 /* MapAppearanceViewController.h */,
				D6B510B524C155EA0084D813 /* MapAppearanceViewController.m */,
				D6B510B724C155FD0084D813 /* SwitchingBuildingGesturesViewController.h */,
				D6B510B824C155FD0084D813 /* SwitchingBuildingGesturesViewController.m */,
				D6B510BA24C1560D0084D813 /* FocusOnIndoorSceneViewController.h */,
				D6B510BB24C1560D0084D813 /* FocusOnIndoorSceneViewController.m */,
				D6B510C624C52C840084D813 /* FocusOnIndoorSceneParamViewController.h */,
				D6B510C724C52C840084D813 /* FocusOnIndoorSceneParamViewController.m */,
				D6B510BD24C156210084D813 /* ClickEventListeningViewController.h */,
				D6B510BE24C156210084D813 /* ClickEventListeningViewController.m */,
				D6B510C024C1563B0084D813 /* SceneChangedEventListeningViewController.h */,
				D6B510C124C1563B0084D813 /* SceneChangedEventListeningViewController.m */,
				D6B510C324C1564B0084D813 /* IndoorSceneInAndOutListeningViewController.h */,
				D6B510C424C1564B0084D813 /* IndoorSceneInAndOutListeningViewController.m */,
			);
			path = MapInteraction;
			sourceTree = "<group>";
		};
		D65B573421CB2D1D00142732 /* IntegrationCases */ = {
			isa = PBXGroup;
			children = (
				D66421FE24CE6E8C0078404B /* SurroundingIdentification */,
				D66421FF24CE6EAE0078404B /* Route */,
				D664220024CE6ECD0078404B /* ShowVisual */,
				D66421EB24CC05630078404B /* SearchIntegrate */,
			);
			path = IntegrationCases;
			sourceTree = "<group>";
		};
		D66421EB24CC05630078404B /* SearchIntegrate */ = {
			isa = PBXGroup;
			children = (
				D67F00E024C9841B003D40BA /* SearchIntegrateViewController.h */,
				D67F00E124C9841B003D40BA /* SearchIntegrateViewController.m */,
				D664220B24CFCA550078404B /* MXMPulley */,
				D672A1D824D25BDB005777A7 /* Primary */,
				D672A1E024D269F2005777A7 /* Drawer */,
			);
			path = SearchIntegrate;
			sourceTree = "<group>";
		};
		D66421FE24CE6E8C0078404B /* SurroundingIdentification */ = {
			isa = PBXGroup;
			children = (
				D695844124C806AD00466372 /* SurroundingIdentificationViewController.h */,
				D695844224C806AD00466372 /* SurroundingIdentificationViewController.m */,
				D695844D24C845FC00466372 /* SurroundingIdentificationParamViewController.h */,
				D695844E24C845FC00466372 /* SurroundingIdentificationParamViewController.m */,
				D695844A24C83BC000466372 /* MXMSimulateLocationManager.h */,
				D695844B24C83BC000466372 /* MXMSimulateLocationManager.m */,
			);
			path = SurroundingIdentification;
			sourceTree = "<group>";
		};
		D66421FF24CE6EAE0078404B /* Route */ = {
			isa = PBXGroup;
			children = (
				D67F00DD24C983EC003D40BA /* RouteViewController.h */,
				D67F00DE24C983EC003D40BA /* RouteViewController.m */,
				D67F00E324C98780003D40BA /* MXMRouteLocationManager.h */,
				D67F00E424C98780003D40BA /* MXMRouteLocationManager.m */,
			);
			path = Route;
			sourceTree = "<group>";
		};
		D664220024CE6ECD0078404B /* ShowVisual */ = {
			isa = PBXGroup;
			children = (
				D65B573521CB2D4200142732 /* ShowVisualViewController.h */,
				D65B573621CB2D4200142732 /* ShowVisualViewController.m */,
				D65B573821CB949900142732 /* VisualDirectionAnnotationView.h */,
				D65B573921CB949900142732 /* VisualDirectionAnnotationView.m */,
			);
			path = ShowVisual;
			sourceTree = "<group>";
		};
		D664220B24CFCA550078404B /* MXMPulley */ = {
			isa = PBXGroup;
			children = (
				D664221E24D02B3B0078404B /* MXMPulleyProtocols.h */,
				D664221224CFCE710078404B /* MXMPulleyViewController.h */,
				D664221324CFCE710078404B /* MXMPulleyViewController.m */,
				D664221524CFCF300078404B /* MXMPassThroughScrollView.h */,
				D664221624CFCF300078404B /* MXMPassThroughScrollView.m */,
				D672A1E224D27732005777A7 /* UIViewController+Pulley.h */,
				D672A1E324D27732005777A7 /* UIViewController+Pulley.m */,
			);
			path = MXMPulley;
			sourceTree = "<group>";
		};
		D672A1D824D25BDB005777A7 /* Primary */ = {
			isa = PBXGroup;
			children = (
				D664220C24CFCAE40078404B /* MXMPrimaryContentViewController.h */,
				D664220D24CFCAE40078404B /* MXMPrimaryContentViewController.m */,
			);
			path = Primary;
			sourceTree = "<group>";
		};
		D672A1E024D269F2005777A7 /* Drawer */ = {
			isa = PBXGroup;
			children = (
				D664220F24CFCB0D0078404B /* MXMDrawerContentViewController.h */,
				D664221024CFCB0D0078404B /* MXMDrawerContentViewController.m */,
				D664222224D1270A0078404B /* ExplorerButtonViewController.h */,
				D664222324D1270A0078404B /* ExplorerButtonViewController.m */,
				D66421E824CC055B0078404B /* SearchIntegrateCategoryViewController.h */,
				D66421E924CC055B0078404B /* SearchIntegrateCategoryViewController.m */,
				D66421F224CC0A440078404B /* SearchIntegrateCategoryCell.h */,
				D66421F324CC0A440078404B /* SearchIntegrateCategoryCell.m */,
				D66421EC24CC059F0078404B /* SearchIntegratePOIsViewController.h */,
				D66421ED24CC059F0078404B /* SearchIntegratePOIsViewController.m */,
				D66421F524CC227D0078404B /* SearchIntegratePOICell.h */,
				D66421F624CC227D0078404B /* SearchIntegratePOICell.m */,
				D66421EF24CC05B70078404B /* SearchIntegratePOIDetailViewController.h */,
				D66421F024CC05B70078404B /* SearchIntegratePOIDetailViewController.m */,
				D66421F824CC328F0078404B /* SearchIntegratePOIDetailBuildingCell.h */,
				D66421F924CC328F0078404B /* SearchIntegratePOIDetailBuildingCell.m */,
				D66421FB24CC32AE0078404B /* SearchIntegratePOIDetailBaseCell.h */,
				D66421FC24CC32AE0078404B /* SearchIntegratePOIDetailBaseCell.m */,
				D672A1E524D2BBFA005777A7 /* UIImage+icon.h */,
				D672A1E624D2BBFA005777A7 /* UIImage+icon.m */,
				D672A1E824D407EA005777A7 /* MXMGeoBuilding+Language.h */,
				D672A1E924D407EA005777A7 /* MXMGeoBuilding+Language.m */,
				D672A1EB24D40907005777A7 /* MXMCategory+Language.h */,
				D672A1EC24D40907005777A7 /* MXMCategory+Language.m */,
				D672A1EE24D4098F005777A7 /* MXMPOI+Language.h */,
				D672A1EF24D4098F005777A7 /* MXMPOI+Language.m */,
				D672A1F124D409B2005777A7 /* MXMBuilding+Language.h */,
				D672A1F224D409B2005777A7 /* MXMBuilding+Language.m */,
			);
			path = Drawer;
			sourceTree = "<group>";
		};
		D684BC5A20FED921004E85D9 = {
			isa = PBXGroup;
			children = (
				D684BC6520FED921004E85D9 /* MapxusMapSample */,
				D684BC7E20FED922004E85D9 /* MapxusMapSampleTests */,
				D684BC8920FED922004E85D9 /* MapxusMapSampleUITests */,
				D684BC6420FED921004E85D9 /* Products */,
				B2C89EA6120F5BC4478C79C1 /* Pods */,
				9EF10F73C9FD8B939971BDAB /* Frameworks */,
			);
			sourceTree = "<group>";
		};
		D684BC6420FED921004E85D9 /* Products */ = {
			isa = PBXGroup;
			children = (
				D684BC6320FED921004E85D9 /* MapxusMapSample.app */,
				D684BC7B20FED922004E85D9 /* MapxusMapSampleTests.xctest */,
				D684BC8620FED922004E85D9 /* MapxusMapSampleUITests.xctest */,
			);
			name = Products;
			sourceTree = "<group>";
		};
		D684BC6520FED921004E85D9 /* MapxusMapSample */ = {
			isa = PBXGroup;
			children = (
				D684BDA020FF8AC5004E85D9 /* Localizable.strings */,
				D684BD9A20FF8A68004E85D9 /* LaunchScreen.storyboard */,
				D684BD9C20FF8A69004E85D9 /* Main.storyboard */,
				D684BC6620FED921004E85D9 /* AppDelegate.h */,
				D684BC6720FED921004E85D9 /* AppDelegate.m */,
				D6B510C924C533BF0084D813 /* Param.h */,
				D695842B24C7E07D00466372 /* Macro.h */,
				D684BCEE20FF8A16004E85D9 /* FeaturesList */,
				D684BCF920FF8A17004E85D9 /* CreateMap */,
				D6408DA2212FF7A200582558 /* MapInteraction */,
				D684BD5620FF8A19004E85D9 /* DrawOnMap */,
				D684BD4B20FF8A18004E85D9 /* DisplayLocation */,
				D684BD2A20FF8A18004E85D9 /* MapDataSearch */,
				D65B573421CB2D1D00142732 /* IntegrationCases */,
				D684BD2720FF8A18004E85D9 /* JRSwizzle */,
				D684BD4820FF8A18004E85D9 /* UIViewController+Swizzle */,
				D684BD5420FF8A18004E85D9 /* Assets.xcassets */,
				D684BC7420FED922004E85D9 /* Info.plist */,
				D684BC7520FED922004E85D9 /* main.m */,
			);
			path = MapxusMapSample;
			sourceTree = "<group>";
		};
		D684BC7E20FED922004E85D9 /* MapxusMapSampleTests */ = {
			isa = PBXGroup;
			children = (
				D684BC7F20FED922004E85D9 /* MapxusMapSampleTests.m */,
				D684BC8120FED922004E85D9 /* Info.plist */,
			);
			path = MapxusMapSampleTests;
			sourceTree = "<group>";
		};
		D684BC8920FED922004E85D9 /* MapxusMapSampleUITests */ = {
			isa = PBXGroup;
			children = (
				D684BC8A20FED922004E85D9 /* MapxusMapSampleUITests.m */,
				D684BC8C20FED922004E85D9 /* Info.plist */,
			);
			path = MapxusMapSampleUITests;
			sourceTree = "<group>";
		};
		D684BCEE20FF8A16004E85D9 /* FeaturesList */ = {
			isa = PBXGroup;
			children = (
				D684BCF220FF8A16004E85D9 /* Feature.h */,
				D684BCF720FF8A16004E85D9 /* Feature.m */,
				D684BCF520FF8A16004E85D9 /* FeatureCollectionViewCell.h */,
				D684BCEF20FF8A16004E85D9 /* FeatureCollectionViewCell.m */,
				D684BCF120FF8A16004E85D9 /* FeaturesCollectionViewController.h */,
				D684BCF820FF8A16004E85D9 /* FeaturesCollectionViewController.m */,
				D684BCF420FF8A16004E85D9 /* MenuTableViewCell.h */,
				D684BCF020FF8A16004E85D9 /* MenuTableViewCell.m */,
				D684BCF320FF8A16004E85D9 /* MenuViewController.h */,
				D684BCF620FF8A16004E85D9 /* MenuViewController.m */,
			);
			path = FeaturesList;
			sourceTree = "<group>";
		};
		D684BCF920FF8A17004E85D9 /* CreateMap */ = {
			isa = PBXGroup;
			children = (
				D6B5109A24C00CDB0084D813 /* CreateMapByCodeViewController.h */,
				D6B5109B24C00CDB0084D813 /* CreateMapByCodeViewController.m */,
				D6B510A024C00E050084D813 /* CreateMapByXibViewController.h */,
				D6B510A124C00E050084D813 /* CreateMapByXibViewController.m */,
				D6B510A224C00E050084D813 /* CreateMapByXibViewController.xib */,
				D6B510A524C00E2C0084D813 /* CreateMapWithSceneViewController.h */,
				D6B510A624C00E2C0084D813 /* CreateMapWithSceneViewController.m */,
				D6B510AB24C040380084D813 /* CreateMapWithSceneReaultViewController.h */,
				D6B510AC24C040380084D813 /* CreateMapWithSceneReaultViewController.m */,
				D6B510A824C00E480084D813 /* CreateMapWithPOIViewController.h */,
				D6B510A924C00E480084D813 /* CreateMapWithPOIViewController.m */,
				D6B510AE24C040B00084D813 /* CreateMapWithPOIResultViewController.h */,
				D6B510AF24C040B00084D813 /* CreateMapWithPOIResultViewController.m */,
			);
			path = CreateMap;
			sourceTree = "<group>";
		};
		D684BD2720FF8A18004E85D9 /* JRSwizzle */ = {
			isa = PBXGroup;
			children = (
				D684BD2820FF8A18004E85D9 /* JRSwizzle.h */,
				D684BD2920FF8A18004E85D9 /* JRSwizzle.m */,
			);
			path = JRSwizzle;
			sourceTree = "<group>";
		};
		D684BD2A20FF8A18004E85D9 /* MapDataSearch */ = {
			isa = PBXGroup;
			children = (
				D684BD2B20FF8A18004E85D9 /* SearchBuildingGlobalViewController.h */,
				D684BD3920FF8A18004E85D9 /* SearchBuildingGlobalViewController.m */,
				D6B510D624C690E00084D813 /* SearchBuildingGlobalParamViewController.h */,
				D6B510D724C690E00084D813 /* SearchBuildingGlobalParamViewController.m */,
				D684BD3F20FF8A18004E85D9 /* SearchBuildingInBoundViewController.h */,
				D684BD3220FF8A18004E85D9 /* SearchBuildingInBoundViewController.m */,
				D695841C24C6D2DD00466372 /* SearchBuildingInBoundParamViewController.h */,
				D695841D24C6D2DD00466372 /* SearchBuildingInBoundParamViewController.m */,
				D684BD4620FF8A18004E85D9 /* SearchBuildingNearbyViewController.h */,
				D684BD3420FF8A18004E85D9 /* SearchBuildingNearbyViewController.m */,
				D695841F24C6ECB300466372 /* SearchBuildingNearbyParamViewController.h */,
				D695842024C6ECB300466372 /* SearchBuildingNearbyParamViewController.m */,
				D695842524C7D0AE00466372 /* SearchBuildingByIDViewController.h */,
				D695842624C7D0AE00466372 /* SearchBuildingByIDViewController.m */,
				D695842224C7CF6C00466372 /* SearchBuildingByIDParamViewController.h */,
				D695842324C7CF6C00466372 /* SearchBuildingByIDParamViewController.m */,
				D695842824C7D6F000466372 /* BuildingIDCell.h */,
				D695842924C7D6F000466372 /* BuildingIDCell.m */,
				D695842C24C7F97800466372 /* CategoryIncludeInSceneViewController.h */,
				D695842D24C7F97800466372 /* CategoryIncludeInSceneViewController.m */,
				D695845024C8B0B700466372 /* CategoryIncludeInSceneResultViewController.h */,
				D695845124C8B0B700466372 /* CategoryIncludeInSceneResultViewController.m */,
				D695845324C8B6AE00466372 /* CategoryCell.h */,
				D695845424C8B6AE00466372 /* CategoryCell.m */,
				D695842F24C8059100466372 /* SearchPOIInSceneViewController.h */,
				D695843024C8059100466372 /* SearchPOIInSceneViewController.m */,
				D695843224C805AE00466372 /* SearchPOIInSceneParamViewController.h */,
				D695843324C805AE00466372 /* SearchPOIInSceneParamViewController.m */,
				D684BD3120FF8A18004E85D9 /* SearchPOIInBoundViewController.h */,
				D684BD4020FF8A18004E85D9 /* SearchPOIInBoundViewController.m */,
				D695843524C805DB00466372 /* SearchPOIInBoundParamViewController.h */,
				D695843624C805DB00466372 /* SearchPOIInBoundParamViewController.m */,
				D684BD2C20FF8A18004E85D9 /* SearchPOINearbyViewController.h */,
				D684BD3820FF8A18004E85D9 /* SearchPOINearbyViewController.m */,
				D695843824C8061F00466372 /* SearchPOINearbyParamViewController.h */,
				D695843924C8061F00466372 /* SearchPOINearbyParamViewController.m */,
				D695843B24C8066900466372 /* SearchPOIByIDViewController.h */,
				D695843C24C8066900466372 /* SearchPOIByIDViewController.m */,
				D695843E24C8068A00466372 /* SearchPOIByIDParamViewController.h */,
				D695843F24C8068A00466372 /* SearchPOIByIDParamViewController.m */,
				D695844724C8368D00466372 /* POIIDCell.h */,
				D695844824C8368D00466372 /* POIIDCell.m */,
			);
			path = MapDataSearch;
			sourceTree = "<group>";
		};
		D684BD4820FF8A18004E85D9 /* UIViewController+Swizzle */ = {
			isa = PBXGroup;
			children = (
				D684BD4A20FF8A18004E85D9 /* UIViewController+Swizzle.h */,
				D684BD4920FF8A18004E85D9 /* UIViewController+Swizzle.m */,
			);
			path = "UIViewController+Swizzle";
			sourceTree = "<group>";
		};
		D684BD4B20FF8A18004E85D9 /* DisplayLocation */ = {
			isa = PBXGroup;
			children = (
				D6061AD624AB154A0065FBA2 /* MBXCustomLocationManager.h */,
				D6061AD524AB154A0065FBA2 /* MBXCustomLocationManager.m */,
				D684BD4F20FF8A18004E85D9 /* DisplayLocationViewController.h */,
				D684BD5320FF8A18004E85D9 /* DisplayLocationViewController.m */,
			);
			path = DisplayLocation;
			sourceTree = "<group>";
		};
		D684BD5620FF8A19004E85D9 /* DrawOnMap */ = {
			isa = PBXGroup;
			children = (
				D6B510CA24C58D8C0084D813 /* IndoorMarkerViewController.h */,
				D6B510CB24C58D8C0084D813 /* IndoorMarkerViewController.m */,
				D6B510CD24C58DA00084D813 /* IndoorPolygonViewController.h */,
				D6B510CE24C58DA00084D813 /* IndoorPolygonViewController.m */,
			);
			path = DrawOnMap;
			sourceTree = "<group>";
		};
/* End PBXGroup section */

/* Begin PBXNativeTarget section */
		D684BC6220FED921004E85D9 /* MapxusMapSample */ = {
			isa = PBXNativeTarget;
			buildConfigurationList = D684BC8F20FED922004E85D9 /* Build configuration list for PBXNativeTarget "MapxusMapSample" */;
			buildPhases = (
				51923B5A5DF97B44E064A2AD /* [CP] Check Pods Manifest.lock */,
				D684BC5F20FED921004E85D9 /* Sources */,
				D684BC6020FED921004E85D9 /* Frameworks */,
				D684BC6120FED921004E85D9 /* Resources */,
				D684BCA820FF4D77004E85D9 /* Embed Frameworks */,
				56B5DCFF3A501A1EA4A7F5A9 /* [CP] Embed Pods Frameworks */,
			);
			buildRules = (
			);
			dependencies = (
			);
			name = MapxusMapSample;
			productName = MapxusMapSample;
			productReference = D684BC6320FED921004E85D9 /* MapxusMapSample.app */;
			productType = "com.apple.product-type.application";
		};
		D684BC7A20FED922004E85D9 /* MapxusMapSampleTests */ = {
			isa = PBXNativeTarget;
			buildConfigurationList = D684BC9220FED922004E85D9 /* Build configuration list for PBXNativeTarget "MapxusMapSampleTests" */;
			buildPhases = (
				8D691D7A865FA2E2A4936199 /* [CP] Check Pods Manifest.lock */,
				D684BC7720FED922004E85D9 /* Sources */,
				D684BC7820FED922004E85D9 /* Frameworks */,
				D684BC7920FED922004E85D9 /* Resources */,
			);
			buildRules = (
			);
			dependencies = (
				D684BC7D20FED922004E85D9 /* PBXTargetDependency */,
			);
			name = MapxusMapSampleTests;
			productName = MapxusMapSampleTests;
			productReference = D684BC7B20FED922004E85D9 /* MapxusMapSampleTests.xctest */;
			productType = "com.apple.product-type.bundle.unit-test";
		};
		D684BC8520FED922004E85D9 /* MapxusMapSampleUITests */ = {
			isa = PBXNativeTarget;
			buildConfigurationList = D684BC9520FED922004E85D9 /* Build configuration list for PBXNativeTarget "MapxusMapSampleUITests" */;
			buildPhases = (
				1018C9DCC3B66159ED036E70 /* [CP] Check Pods Manifest.lock */,
				D684BC8220FED922004E85D9 /* Sources */,
				D684BC8320FED922004E85D9 /* Frameworks */,
				D684BC8420FED922004E85D9 /* Resources */,
			);
			buildRules = (
			);
			dependencies = (
				D684BC8820FED922004E85D9 /* PBXTargetDependency */,
			);
			name = MapxusMapSampleUITests;
			productName = MapxusMapSampleUITests;
			productReference = D684BC8620FED922004E85D9 /* MapxusMapSampleUITests.xctest */;
			productType = "com.apple.product-type.bundle.ui-testing";
		};
/* End PBXNativeTarget section */

/* Begin PBXProject section */
		D684BC5B20FED921004E85D9 /* Project object */ = {
			isa = PBXProject;
			attributes = {
				LastUpgradeCheck = 1220;
				ORGANIZATIONNAME = "MAPHIVE TECHNOLOGY LIMITED";
				TargetAttributes = {
					D684BC6220FED921004E85D9 = {
						CreatedOnToolsVersion = 9.4.1;
						LastSwiftMigration = 1160;
					};
					D684BC7A20FED922004E85D9 = {
						CreatedOnToolsVersion = 9.4.1;
						TestTargetID = D684BC6220FED921004E85D9;
					};
					D684BC8520FED922004E85D9 = {
						CreatedOnToolsVersion = 9.4.1;
						TestTargetID = D684BC6220FED921004E85D9;
					};
				};
			};
			buildConfigurationList = D684BC5E20FED921004E85D9 /* Build configuration list for PBXProject "MapxusMapSample" */;
			compatibilityVersion = "Xcode 9.3";
			developmentRegion = en;
			hasScannedForEncodings = 0;
			knownRegions = (
				en,
				Base,
				"zh-Hant",
				"zh-Hans",
			);
			mainGroup = D684BC5A20FED921004E85D9;
			productRefGroup = D684BC6420FED921004E85D9 /* Products */;
			projectDirPath = "";
			projectRoot = "";
			targets = (
				D684BC6220FED921004E85D9 /* MapxusMapSample */,
				D684BC7A20FED922004E85D9 /* MapxusMapSampleTests */,
				D684BC8520FED922004E85D9 /* MapxusMapSampleUITests */,
			);
		};
/* End PBXProject section */

/* Begin PBXResourcesBuildPhase section */
		D684BC6120FED921004E85D9 /* Resources */ = {
			isa = PBXResourcesBuildPhase;
			buildActionMask = 2147483647;
			files = (
				D684BD9E20FF8A69004E85D9 /* LaunchScreen.storyboard in Resources */,
				D684BD9F20FF8A69004E85D9 /* Main.storyboard in Resources */,
				D6B510A424C00E050084D813 /* CreateMapByXibViewController.xib in Resources */,
				D684BDA220FF8AC5004E85D9 /* Localizable.strings in Resources */,
				D684BD9420FF8A19004E85D9 /* Assets.xcassets in Resources */,
			);
			runOnlyForDeploymentPostprocessing = 0;
		};
		D684BC7920FED922004E85D9 /* Resources */ = {
			isa = PBXResourcesBuildPhase;
			buildActionMask = 2147483647;
			files = (
			);
			runOnlyForDeploymentPostprocessing = 0;
		};
		D684BC8420FED922004E85D9 /* Resources */ = {
			isa = PBXResourcesBuildPhase;
			buildActionMask = 2147483647;
			files = (
			);
			runOnlyForDeploymentPostprocessing = 0;
		};
/* End PBXResourcesBuildPhase section */

/* Begin PBXShellScriptBuildPhase section */
		1018C9DCC3B66159ED036E70 /* [CP] Check Pods Manifest.lock */ = {
			isa = PBXShellScriptBuildPhase;
			buildActionMask = 2147483647;
			files = (
			);
			inputPaths = (
				"${PODS_PODFILE_DIR_PATH}/Podfile.lock",
				"${PODS_ROOT}/Manifest.lock",
			);
			name = "[CP] Check Pods Manifest.lock";
			outputPaths = (
				"$(DERIVED_FILE_DIR)/Pods-MapxusMapSampleUITests-checkManifestLockResult.txt",
			);
			runOnlyForDeploymentPostprocessing = 0;
			shellPath = /bin/sh;
			shellScript = "diff \"${PODS_PODFILE_DIR_PATH}/Podfile.lock\" \"${PODS_ROOT}/Manifest.lock\" > /dev/null\nif [ $? != 0 ] ; then\n    # print error to STDERR\n    echo \"error: The sandbox is not in sync with the Podfile.lock. Run 'pod install' or update your CocoaPods installation.\" >&2\n    exit 1\nfi\n# This output is used by Xcode 'outputs' to avoid re-running this script phase.\necho \"SUCCESS\" > \"${SCRIPT_OUTPUT_FILE_0}\"\n";
			showEnvVarsInLog = 0;
		};
		51923B5A5DF97B44E064A2AD /* [CP] Check Pods Manifest.lock */ = {
			isa = PBXShellScriptBuildPhase;
			buildActionMask = 2147483647;
			files = (
			);
			inputPaths = (
				"${PODS_PODFILE_DIR_PATH}/Podfile.lock",
				"${PODS_ROOT}/Manifest.lock",
			);
			name = "[CP] Check Pods Manifest.lock";
			outputPaths = (
				"$(DERIVED_FILE_DIR)/Pods-MapxusMapSample-checkManifestLockResult.txt",
			);
			runOnlyForDeploymentPostprocessing = 0;
			shellPath = /bin/sh;
			shellScript = "diff \"${PODS_PODFILE_DIR_PATH}/Podfile.lock\" \"${PODS_ROOT}/Manifest.lock\" > /dev/null\nif [ $? != 0 ] ; then\n    # print error to STDERR\n    echo \"error: The sandbox is not in sync with the Podfile.lock. Run 'pod install' or update your CocoaPods installation.\" >&2\n    exit 1\nfi\n# This output is used by Xcode 'outputs' to avoid re-running this script phase.\necho \"SUCCESS\" > \"${SCRIPT_OUTPUT_FILE_0}\"\n";
			showEnvVarsInLog = 0;
		};
		56B5DCFF3A501A1EA4A7F5A9 /* [CP] Embed Pods Frameworks */ = {
			isa = PBXShellScriptBuildPhase;
			buildActionMask = 2147483647;
			files = (
			);
			inputFileListPaths = (
				"${PODS_ROOT}/Target Support Files/Pods-MapxusMapSample/Pods-MapxusMapSample-frameworks-${CONFIGURATION}-input-files.xcfilelist",
			);
			name = "[CP] Embed Pods Frameworks";
			outputFileListPaths = (
				"${PODS_ROOT}/Target Support Files/Pods-MapxusMapSample/Pods-MapxusMapSample-frameworks-${CONFIGURATION}-output-files.xcfilelist",
			);
			runOnlyForDeploymentPostprocessing = 0;
			shellPath = /bin/sh;
			shellScript = "\"${PODS_ROOT}/Target Support Files/Pods-MapxusMapSample/Pods-MapxusMapSample-frameworks.sh\"\n";
			showEnvVarsInLog = 0;
		};
		8D691D7A865FA2E2A4936199 /* [CP] Check Pods Manifest.lock */ = {
			isa = PBXShellScriptBuildPhase;
			buildActionMask = 2147483647;
			files = (
			);
			inputPaths = (
				"${PODS_PODFILE_DIR_PATH}/Podfile.lock",
				"${PODS_ROOT}/Manifest.lock",
			);
			name = "[CP] Check Pods Manifest.lock";
			outputPaths = (
				"$(DERIVED_FILE_DIR)/Pods-MapxusMapSampleTests-checkManifestLockResult.txt",
			);
			runOnlyForDeploymentPostprocessing = 0;
			shellPath = /bin/sh;
			shellScript = "diff \"${PODS_PODFILE_DIR_PATH}/Podfile.lock\" \"${PODS_ROOT}/Manifest.lock\" > /dev/null\nif [ $? != 0 ] ; then\n    # print error to STDERR\n    echo \"error: The sandbox is not in sync with the Podfile.lock. Run 'pod install' or update your CocoaPods installation.\" >&2\n    exit 1\nfi\n# This output is used by Xcode 'outputs' to avoid re-running this script phase.\necho \"SUCCESS\" > \"${SCRIPT_OUTPUT_FILE_0}\"\n";
			showEnvVarsInLog = 0;
		};
/* End PBXShellScriptBuildPhase section */

/* Begin PBXSourcesBuildPhase section */
		D684BC5F20FED921004E85D9 /* Sources */ = {
			isa = PBXSourcesBuildPhase;
			buildActionMask = 2147483647;
			files = (
				D6B510AD24C040380084D813 /* CreateMapWithSceneReaultViewController.m in Sources */,
				D66421EA24CC055B0078404B /* SearchIntegrateCategoryViewController.m in Sources */,
				D695845524C8B6AE00466372 /* CategoryCell.m in Sources */,
				D6B510D824C690E00084D813 /* SearchBuildingGlobalParamViewController.m in Sources */,
				D695845224C8B0B700466372 /* CategoryIncludeInSceneResultViewController.m in Sources */,
				D6B510B024C040B00084D813 /* CreateMapWithPOIResultViewController.m in Sources */,
				D684BD6420FF8A19004E85D9 /* FeatureCollectionViewCell.m in Sources */,
				D65B573721CB2D4200142732 /* ShowVisualViewController.m in Sources */,
				D695844C24C83BC000466372 /* MXMSimulateLocationManager.m in Sources */,
				D684BD6820FF8A19004E85D9 /* FeaturesCollectionViewController.m in Sources */,
				D695842A24C7D6F000466372 /* BuildingIDCell.m in Sources */,
				D66421F424CC0A440078404B /* SearchIntegrateCategoryCell.m in Sources */,
				D672A1F324D409B2005777A7 /* MXMBuilding+Language.m in Sources */,
				D672A1E724D2BBFA005777A7 /* UIImage+icon.m in Sources */,
				D6B510B624C155EA0084D813 /* MapAppearanceViewController.m in Sources */,
				D66421F724CC227D0078404B /* SearchIntegratePOICell.m in Sources */,
				D695844024C8068A00466372 /* SearchPOIByIDParamViewController.m in Sources */,
				D695844924C8368D00466372 /* POIIDCell.m in Sources */,
				D664221424CFCE710078404B /* MXMPulleyViewController.m in Sources */,
				D67F00E524C98780003D40BA /* MXMRouteLocationManager.m in Sources */,
				D664221124CFCB0D0078404B /* MXMDrawerContentViewController.m in Sources */,
				D672A1F024D4098F005777A7 /* MXMPOI+Language.m in Sources */,
				D672A1EA24D407EA005777A7 /* MXMGeoBuilding+Language.m in Sources */,
				D695842124C6ECB300466372 /* SearchBuildingNearbyParamViewController.m in Sources */,
				D6B510CF24C58DA00084D813 /* IndoorPolygonViewController.m in Sources */,
				D6B510BC24C1560D0084D813 /* FocusOnIndoorSceneViewController.m in Sources */,
				D672A1E424D27732005777A7 /* UIViewController+Pulley.m in Sources */,
				D664220E24CFCAE40078404B /* MXMPrimaryContentViewController.m in Sources */,
				D6B510C524C1564B0084D813 /* IndoorSceneInAndOutListeningViewController.m in Sources */,
				D684BD8020FF8A19004E85D9 /* SearchBuildingInBoundViewController.m in Sources */,
				D695843D24C8066900466372 /* SearchPOIByIDViewController.m in Sources */,
				D664222424D1270A0078404B /* ExplorerButtonViewController.m in Sources */,
				D695843A24C8061F00466372 /* SearchPOINearbyParamViewController.m in Sources */,
				D684BC7620FED922004E85D9 /* main.m in Sources */,
				D66421EE24CC059F0078404B /* SearchIntegratePOIsViewController.m in Sources */,
				D695844324C806AD00466372 /* SurroundingIdentificationViewController.m in Sources */,
				D66421FA24CC328F0078404B /* SearchIntegratePOIDetailBuildingCell.m in Sources */,
				D6B5109C24C00CDB0084D813 /* CreateMapByCodeViewController.m in Sources */,
				D695842E24C7F97800466372 /* CategoryIncludeInSceneViewController.m in Sources */,
				D695843424C805AE00466372 /* SearchPOIInSceneParamViewController.m in Sources */,
				D684BD7C20FF8A19004E85D9 /* JRSwizzle.m in Sources */,
				D67F00E224C9841B003D40BA /* SearchIntegrateViewController.m in Sources */,
				D672A1ED24D40907005777A7 /* MXMCategory+Language.m in Sources */,
				D695842724C7D0AE00466372 /* SearchBuildingByIDViewController.m in Sources */,
				D684BD8520FF8A19004E85D9 /* SearchBuildingGlobalViewController.m in Sources */,
				D6B510C224C1563B0084D813 /* SceneChangedEventListeningViewController.m in Sources */,
				D684BD9020FF8A19004E85D9 /* UIViewController+Swizzle.m in Sources */,
				D695842424C7CF6C00466372 /* SearchBuildingByIDParamViewController.m in Sources */,
				D684BD6520FF8A19004E85D9 /* MenuTableViewCell.m in Sources */,
				D684BC6820FED921004E85D9 /* AppDelegate.m in Sources */,
				D695844F24C845FC00466372 /* SurroundingIdentificationParamViewController.m in Sources */,
				D6B510AA24C00E480084D813 /* CreateMapWithPOIViewController.m in Sources */,
				D66421F124CC05B70078404B /* SearchIntegratePOIDetailViewController.m in Sources */,
				D6B510A324C00E050084D813 /* CreateMapByXibViewController.m in Sources */,
				D695843724C805DB00466372 /* SearchPOIInBoundParamViewController.m in Sources */,
				D664221724CFCF300078404B /* MXMPassThroughScrollView.m in Sources */,
				D67F00DF24C983EC003D40BA /* RouteViewController.m in Sources */,
				D6B510B924C155FD0084D813 /* SwitchingBuildingGesturesViewController.m in Sources */,
				D6061AD724AB154A0065FBA2 /* MBXCustomLocationManager.m in Sources */,
				D6B510CC24C58D8C0084D813 /* IndoorMarkerViewController.m in Sources */,
				D695843124C8059100466372 /* SearchPOIInSceneViewController.m in Sources */,
				D6B510B324C155CE0084D813 /* IndoorControlsViewController.m in Sources */,
				D6B510A724C00E2C0084D813 /* CreateMapWithSceneViewController.m in Sources */,
				D6B510C824C52C840084D813 /* FocusOnIndoorSceneParamViewController.m in Sources */,
				D684BD6720FF8A19004E85D9 /* Feature.m in Sources */,
				D684BD6620FF8A19004E85D9 /* MenuViewController.m in Sources */,
				D6B510BF24C156210084D813 /* ClickEventListeningViewController.m in Sources */,
				D66421FD24CC32AE0078404B /* SearchIntegratePOIDetailBaseCell.m in Sources */,
				D684BD8420FF8A19004E85D9 /* SearchPOINearbyViewController.m in Sources */,
				D684BD8A20FF8A19004E85D9 /* SearchPOIInBoundViewController.m in Sources */,
				D65B573A21CB949900142732 /* VisualDirectionAnnotationView.m in Sources */,
				D695841E24C6D2DD00466372 /* SearchBuildingInBoundParamViewController.m in Sources */,
				D684BD9320FF8A19004E85D9 /* DisplayLocationViewController.m in Sources */,
				D684BD8120FF8A19004E85D9 /* SearchBuildingNearbyViewController.m in Sources */,
			);
			runOnlyForDeploymentPostprocessing = 0;
		};
		D684BC7720FED922004E85D9 /* Sources */ = {
			isa = PBXSourcesBuildPhase;
			buildActionMask = 2147483647;
			files = (
				D684BC8020FED922004E85D9 /* MapxusMapSampleTests.m in Sources */,
			);
			runOnlyForDeploymentPostprocessing = 0;
		};
		D684BC8220FED922004E85D9 /* Sources */ = {
			isa = PBXSourcesBuildPhase;
			buildActionMask = 2147483647;
			files = (
				D684BC8B20FED922004E85D9 /* MapxusMapSampleUITests.m in Sources */,
			);
			runOnlyForDeploymentPostprocessing = 0;
		};
/* End PBXSourcesBuildPhase section */

/* Begin PBXTargetDependency section */
		D684BC7D20FED922004E85D9 /* PBXTargetDependency */ = {
			isa = PBXTargetDependency;
			target = D684BC6220FED921004E85D9 /* MapxusMapSample */;
			targetProxy = D684BC7C20FED922004E85D9 /* PBXContainerItemProxy */;
		};
		D684BC8820FED922004E85D9 /* PBXTargetDependency */ = {
			isa = PBXTargetDependency;
			target = D684BC6220FED921004E85D9 /* MapxusMapSample */;
			targetProxy = D684BC8720FED922004E85D9 /* PBXContainerItemProxy */;
		};
/* End PBXTargetDependency section */

/* Begin PBXVariantGroup section */
		D684BD9A20FF8A68004E85D9 /* LaunchScreen.storyboard */ = {
			isa = PBXVariantGroup;
			children = (
				D684BD9B20FF8A68004E85D9 /* Base */,
				D684BDA720FF8B03004E85D9 /* zh-Hant */,
				D684BDA820FF8B06004E85D9 /* zh-Hans */,
			);
			name = LaunchScreen.storyboard;
			sourceTree = "<group>";
		};
		D684BD9C20FF8A69004E85D9 /* Main.storyboard */ = {
			isa = PBXVariantGroup;
			children = (
				D684BD9D20FF8A69004E85D9 /* Base */,
				D684BDA920FF8B21004E85D9 /* zh-Hant */,
				D684BDAA20FF8B25004E85D9 /* zh-Hans */,
			);
			name = Main.storyboard;
			sourceTree = "<group>";
		};
		D684BDA020FF8AC5004E85D9 /* Localizable.strings */ = {
			isa = PBXVariantGroup;
			children = (
				D684BDA120FF8AC5004E85D9 /* en */,
				D684BDA320FF8ADF004E85D9 /* zh-Hant */,
				D684BDA420FF8AE3004E85D9 /* zh-Hans */,
			);
			name = Localizable.strings;
			sourceTree = "<group>";
		};
/* End PBXVariantGroup section */

/* Begin XCBuildConfiguration section */
		D684BC8D20FED922004E85D9 /* Debug */ = {
			isa = XCBuildConfiguration;
			buildSettings = {
				ALWAYS_SEARCH_USER_PATHS = NO;
				CLANG_ANALYZER_LOCALIZABILITY_NONLOCALIZED = YES;
				CLANG_ANALYZER_NONNULL = YES;
				CLANG_ANALYZER_NUMBER_OBJECT_CONVERSION = YES_AGGRESSIVE;
				CLANG_CXX_LANGUAGE_STANDARD = "gnu++14";
				CLANG_CXX_LIBRARY = "libc++";
				CLANG_ENABLE_MODULES = YES;
				CLANG_ENABLE_OBJC_ARC = YES;
				CLANG_ENABLE_OBJC_WEAK = YES;
				CLANG_WARN_BLOCK_CAPTURE_AUTORELEASING = YES;
				CLANG_WARN_BOOL_CONVERSION = YES;
				CLANG_WARN_COMMA = YES;
				CLANG_WARN_CONSTANT_CONVERSION = YES;
				CLANG_WARN_DEPRECATED_OBJC_IMPLEMENTATIONS = YES;
				CLANG_WARN_DIRECT_OBJC_ISA_USAGE = YES_ERROR;
				CLANG_WARN_DOCUMENTATION_COMMENTS = YES;
				CLANG_WARN_EMPTY_BODY = YES;
				CLANG_WARN_ENUM_CONVERSION = YES;
				CLANG_WARN_INFINITE_RECURSION = YES;
				CLANG_WARN_INT_CONVERSION = YES;
				CLANG_WARN_NON_LITERAL_NULL_CONVERSION = YES;
				CLANG_WARN_OBJC_IMPLICIT_RETAIN_SELF = YES;
				CLANG_WARN_OBJC_LITERAL_CONVERSION = YES;
				CLANG_WARN_OBJC_ROOT_CLASS = YES_ERROR;
				CLANG_WARN_QUOTED_INCLUDE_IN_FRAMEWORK_HEADER = YES;
				CLANG_WARN_RANGE_LOOP_ANALYSIS = YES;
				CLANG_WARN_STRICT_PROTOTYPES = YES;
				CLANG_WARN_SUSPICIOUS_MOVE = YES;
				CLANG_WARN_UNGUARDED_AVAILABILITY = YES_AGGRESSIVE;
				CLANG_WARN_UNREACHABLE_CODE = YES;
				CLANG_WARN__DUPLICATE_METHOD_MATCH = YES;
				CODE_SIGN_IDENTITY = "iPhone Developer";
				COPY_PHASE_STRIP = NO;
				DEBUG_INFORMATION_FORMAT = dwarf;
				ENABLE_STRICT_OBJC_MSGSEND = YES;
				ENABLE_TESTABILITY = YES;
				GCC_C_LANGUAGE_STANDARD = gnu11;
				GCC_DYNAMIC_NO_PIC = NO;
				GCC_NO_COMMON_BLOCKS = YES;
				GCC_OPTIMIZATION_LEVEL = 0;
				GCC_PREPROCESSOR_DEFINITIONS = (
					"DEBUG=1",
					"$(inherited)",
				);
				GCC_WARN_64_TO_32_BIT_CONVERSION = YES;
				GCC_WARN_ABOUT_RETURN_TYPE = YES_ERROR;
				GCC_WARN_UNDECLARED_SELECTOR = YES;
				GCC_WARN_UNINITIALIZED_AUTOS = YES_AGGRESSIVE;
				GCC_WARN_UNUSED_FUNCTION = YES;
				GCC_WARN_UNUSED_VARIABLE = YES;
				IPHONEOS_DEPLOYMENT_TARGET = 10.0;
				MTL_ENABLE_DEBUG_INFO = YES;
				ONLY_ACTIVE_ARCH = YES;
				SDKROOT = iphoneos;
			};
			name = Debug;
		};
		D684BC8E20FED922004E85D9 /* Release */ = {
			isa = XCBuildConfiguration;
			buildSettings = {
				ALWAYS_SEARCH_USER_PATHS = NO;
				CLANG_ANALYZER_LOCALIZABILITY_NONLOCALIZED = YES;
				CLANG_ANALYZER_NONNULL = YES;
				CLANG_ANALYZER_NUMBER_OBJECT_CONVERSION = YES_AGGRESSIVE;
				CLANG_CXX_LANGUAGE_STANDARD = "gnu++14";
				CLANG_CXX_LIBRARY = "libc++";
				CLANG_ENABLE_MODULES = YES;
				CLANG_ENABLE_OBJC_ARC = YES;
				CLANG_ENABLE_OBJC_WEAK = YES;
				CLANG_WARN_BLOCK_CAPTURE_AUTORELEASING = YES;
				CLANG_WARN_BOOL_CONVERSION = YES;
				CLANG_WARN_COMMA = YES;
				CLANG_WARN_CONSTANT_CONVERSION = YES;
				CLANG_WARN_DEPRECATED_OBJC_IMPLEMENTATIONS = YES;
				CLANG_WARN_DIRECT_OBJC_ISA_USAGE = YES_ERROR;
				CLANG_WARN_DOCUMENTATION_COMMENTS = YES;
				CLANG_WARN_EMPTY_BODY = YES;
				CLANG_WARN_ENUM_CONVERSION = YES;
				CLANG_WARN_INFINITE_RECURSION = YES;
				CLANG_WARN_INT_CONVERSION = YES;
				CLANG_WARN_NON_LITERAL_NULL_CONVERSION = YES;
				CLANG_WARN_OBJC_IMPLICIT_RETAIN_SELF = YES;
				CLANG_WARN_OBJC_LITERAL_CONVERSION = YES;
				CLANG_WARN_OBJC_ROOT_CLASS = YES_ERROR;
				CLANG_WARN_QUOTED_INCLUDE_IN_FRAMEWORK_HEADER = YES;
				CLANG_WARN_RANGE_LOOP_ANALYSIS = YES;
				CLANG_WARN_STRICT_PROTOTYPES = YES;
				CLANG_WARN_SUSPICIOUS_MOVE = YES;
				CLANG_WARN_UNGUARDED_AVAILABILITY = YES_AGGRESSIVE;
				CLANG_WARN_UNREACHABLE_CODE = YES;
				CLANG_WARN__DUPLICATE_METHOD_MATCH = YES;
				CODE_SIGN_IDENTITY = "iPhone Developer";
				COPY_PHASE_STRIP = NO;
				DEBUG_INFORMATION_FORMAT = "dwarf-with-dsym";
				ENABLE_NS_ASSERTIONS = NO;
				ENABLE_STRICT_OBJC_MSGSEND = YES;
				GCC_C_LANGUAGE_STANDARD = gnu11;
				GCC_NO_COMMON_BLOCKS = YES;
				GCC_WARN_64_TO_32_BIT_CONVERSION = YES;
				GCC_WARN_ABOUT_RETURN_TYPE = YES_ERROR;
				GCC_WARN_UNDECLARED_SELECTOR = YES;
				GCC_WARN_UNINITIALIZED_AUTOS = YES_AGGRESSIVE;
				GCC_WARN_UNUSED_FUNCTION = YES;
				GCC_WARN_UNUSED_VARIABLE = YES;
				IPHONEOS_DEPLOYMENT_TARGET = 10.0;
				MTL_ENABLE_DEBUG_INFO = NO;
				SDKROOT = iphoneos;
				VALIDATE_PRODUCT = YES;
			};
			name = Release;
		};
		D684BC9020FED922004E85D9 /* Debug */ = {
			isa = XCBuildConfiguration;
			baseConfigurationReference = 6761E476883A8A50EAEF788B /* Pods-MapxusMapSample.debug.xcconfig */;
			buildSettings = {
				ASSETCATALOG_COMPILER_APPICON_NAME = AppIcon;
				CLANG_ENABLE_MODULES = YES;
				CODE_SIGN_IDENTITY = "iPhone Developer";
				CODE_SIGN_STYLE = Manual;
				CURRENT_PROJECT_VERSION = 54;
				DEFINES_MODULE = YES;
				DEVELOPMENT_TEAM = ZNBZ7BZAKZ;
				ENABLE_BITCODE = YES;
				FRAMEWORK_SEARCH_PATHS = (
					"$(inherited)",
					"$(PROJECT_DIR)",
				);
				INFOPLIST_FILE = MapxusMapSample/Info.plist;
				IPHONEOS_DEPLOYMENT_TARGET = 10.0;
				LD_RUNPATH_SEARCH_PATHS = (
					"$(inherited)",
					"@executable_path/Frameworks",
				);
				MACOSX_DEPLOYMENT_TARGET = 9.0;
				MARKETING_VERSION = 4.2.0;
				PRODUCT_BUNDLE_IDENTIFIER = com.mapxus.mapSample;
				PRODUCT_NAME = "$(TARGET_NAME)";
				PROVISIONING_PROFILE = "89e10f6c-6fbe-4abb-a4af-c9fb0493419b";
				PROVISIONING_PROFILE_SPECIFIER = MapxusMapSampleDev;
				SWIFT_OBJC_BRIDGING_HEADER = "";
				SWIFT_OPTIMIZATION_LEVEL = "-Onone";
				SWIFT_VERSION = 5.0;
				TARGETED_DEVICE_FAMILY = "1,2";
			};
			name = Debug;
		};
		D684BC9120FED922004E85D9 /* Release */ = {
			isa = XCBuildConfiguration;
			baseConfigurationReference = FBCFA9805C81342EAED3714B /* Pods-MapxusMapSample.release.xcconfig */;
			buildSettings = {
				ASSETCATALOG_COMPILER_APPICON_NAME = AppIcon;
				CLANG_ENABLE_MODULES = YES;
				CODE_SIGN_IDENTITY = "iPhone Distribution";
				CODE_SIGN_STYLE = Manual;
				CURRENT_PROJECT_VERSION = 54;
				DEFINES_MODULE = YES;
				DEVELOPMENT_TEAM = ZNBZ7BZAKZ;
				ENABLE_BITCODE = YES;
				FRAMEWORK_SEARCH_PATHS = (
					"$(inherited)",
					"$(PROJECT_DIR)",
				);
				INFOPLIST_FILE = MapxusMapSample/Info.plist;
				IPHONEOS_DEPLOYMENT_TARGET = 10.0;
				LD_RUNPATH_SEARCH_PATHS = (
					"$(inherited)",
					"@executable_path/Frameworks",
				);
				MACOSX_DEPLOYMENT_TARGET = 9.0;
				MARKETING_VERSION = 4.2.0;
				PRODUCT_BUNDLE_IDENTIFIER = com.mapxus.mapSample;
				PRODUCT_NAME = "$(TARGET_NAME)";
				PROVISIONING_PROFILE = "91a51255-aa6d-400d-ae92-580d31582709";
				PROVISIONING_PROFILE_SPECIFIER = MapxusMapSampleAOC;
				SWIFT_OBJC_BRIDGING_HEADER = "";
				SWIFT_VERSION = 5.0;
				TARGETED_DEVICE_FAMILY = "1,2";
			};
			name = Release;
		};
		D684BC9320FED922004E85D9 /* Debug */ = {
			isa = XCBuildConfiguration;
			baseConfigurationReference = B41AF1415917CC65CC4C0DB8 /* Pods-MapxusMapSampleTests.debug.xcconfig */;
			buildSettings = {
				BUNDLE_LOADER = "$(TEST_HOST)";
				CODE_SIGN_STYLE = Automatic;
				DEVELOPMENT_TEAM = ZNBZ7BZAKZ;
				INFOPLIST_FILE = MapxusMapSampleTests/Info.plist;
				LD_RUNPATH_SEARCH_PATHS = (
					"$(inherited)",
					"@executable_path/Frameworks",
					"@loader_path/Frameworks",
				);
				PRODUCT_BUNDLE_IDENTIFIER = com.mapxus.MapxusMapSampleTests;
				PRODUCT_NAME = "$(TARGET_NAME)";
				TARGETED_DEVICE_FAMILY = "1,2";
				TEST_HOST = "$(BUILT_PRODUCTS_DIR)/MapxusMapSample.app/MapxusMapSample";
			};
			name = Debug;
		};
		D684BC9420FED922004E85D9 /* Release */ = {
			isa = XCBuildConfiguration;
			baseConfigurationReference = AEED814EAD36ACE9D95D5810 /* Pods-MapxusMapSampleTests.release.xcconfig */;
			buildSettings = {
				BUNDLE_LOADER = "$(TEST_HOST)";
				CODE_SIGN_STYLE = Automatic;
				DEVELOPMENT_TEAM = ZNBZ7BZAKZ;
				INFOPLIST_FILE = MapxusMapSampleTests/Info.plist;
				LD_RUNPATH_SEARCH_PATHS = (
					"$(inherited)",
					"@executable_path/Frameworks",
					"@loader_path/Frameworks",
				);
				PRODUCT_BUNDLE_IDENTIFIER = com.mapxus.MapxusMapSampleTests;
				PRODUCT_NAME = "$(TARGET_NAME)";
				TARGETED_DEVICE_FAMILY = "1,2";
				TEST_HOST = "$(BUILT_PRODUCTS_DIR)/MapxusMapSample.app/MapxusMapSample";
			};
			name = Release;
		};
		D684BC9620FED922004E85D9 /* Debug */ = {
			isa = XCBuildConfiguration;
			baseConfigurationReference = BE46F8AF4CD1873D490D0136 /* Pods-MapxusMapSampleUITests.debug.xcconfig */;
			buildSettings = {
				CODE_SIGN_STYLE = Automatic;
				DEVELOPMENT_TEAM = ZNBZ7BZAKZ;
				INFOPLIST_FILE = MapxusMapSampleUITests/Info.plist;
				LD_RUNPATH_SEARCH_PATHS = (
					"$(inherited)",
					"@executable_path/Frameworks",
					"@loader_path/Frameworks",
				);
				PRODUCT_BUNDLE_IDENTIFIER = com.mapxus.MapxusMapSampleUITests;
				PRODUCT_NAME = "$(TARGET_NAME)";
				TARGETED_DEVICE_FAMILY = "1,2";
				TEST_TARGET_NAME = MapxusMapSample;
			};
			name = Debug;
		};
		D684BC9720FED922004E85D9 /* Release */ = {
			isa = XCBuildConfiguration;
			baseConfigurationReference = C749DAAF82861B8635A8323D /* Pods-MapxusMapSampleUITests.release.xcconfig */;
			buildSettings = {
				CODE_SIGN_STYLE = Automatic;
				DEVELOPMENT_TEAM = ZNBZ7BZAKZ;
				INFOPLIST_FILE = MapxusMapSampleUITests/Info.plist;
				LD_RUNPATH_SEARCH_PATHS = (
					"$(inherited)",
					"@executable_path/Frameworks",
					"@loader_path/Frameworks",
				);
				PRODUCT_BUNDLE_IDENTIFIER = com.mapxus.MapxusMapSampleUITests;
				PRODUCT_NAME = "$(TARGET_NAME)";
				TARGETED_DEVICE_FAMILY = "1,2";
				TEST_TARGET_NAME = MapxusMapSample;
			};
			name = Release;
		};
/* End XCBuildConfiguration section */

/* Begin XCConfigurationList section */
		D684BC5E20FED921004E85D9 /* Build configuration list for PBXProject "MapxusMapSample" */ = {
			isa = XCConfigurationList;
			buildConfigurations = (
				D684BC8D20FED922004E85D9 /* Debug */,
				D684BC8E20FED922004E85D9 /* Release */,
			);
			defaultConfigurationIsVisible = 0;
			defaultConfigurationName = Release;
		};
		D684BC8F20FED922004E85D9 /* Build configuration list for PBXNativeTarget "MapxusMapSample" */ = {
			isa = XCConfigurationList;
			buildConfigurations = (
				D684BC9020FED922004E85D9 /* Debug */,
				D684BC9120FED922004E85D9 /* Release */,
			);
			defaultConfigurationIsVisible = 0;
			defaultConfigurationName = Release;
		};
		D684BC9220FED922004E85D9 /* Build configuration list for PBXNativeTarget "MapxusMapSampleTests" */ = {
			isa = XCConfigurationList;
			buildConfigurations = (
				D684BC9320FED922004E85D9 /* Debug */,
				D684BC9420FED922004E85D9 /* Release */,
			);
			defaultConfigurationIsVisible = 0;
			defaultConfigurationName = Release;
		};
		D684BC9520FED922004E85D9 /* Build configuration list for PBXNativeTarget "MapxusMapSampleUITests" */ = {
			isa = XCConfigurationList;
			buildConfigurations = (
				D684BC9620FED922004E85D9 /* Debug */,
				D684BC9720FED922004E85D9 /* Release */,
			);
			defaultConfigurationIsVisible = 0;
			defaultConfigurationName = Release;
		};
/* End XCConfigurationList section */
	};
	rootObject = D684BC5B20FED921004E85D9 /* Project object */;
}
